// !$*UTF8*$!
{
	archiveVersion = 1;
	classes = {
	};
	objectVersion = 46;
	objects = {

/* Begin PBXBuildFile section */
		010C155D1555D5F700D8B84D /* GLView.mm in Sources */ = {isa = PBXBuildFile; fileRef = 010C15581555D5F700D8B84D /* GLView.mm */; };
		010C155E1555D5F700D8B84D /* ofxCocoaDelegate.mm in Sources */ = {isa = PBXBuildFile; fileRef = 010C155A1555D5F700D8B84D /* ofxCocoaDelegate.mm */; };
		010C155F1555D5F700D8B84D /* ofxCocoaWindow.mm in Sources */ = {isa = PBXBuildFile; fileRef = 010C155C1555D5F700D8B84D /* ofxCocoaWindow.mm */; };
		011CBED916065AE800AB7A1A /* QuartzCore.framework in Frameworks */ = {isa = PBXBuildFile; fileRef = 011CBED816065AE800AB7A1A /* QuartzCore.framework */; };
		011CBEDB16065AED00AB7A1A /* OpenGL.framework in Frameworks */ = {isa = PBXBuildFile; fileRef = 011CBEDA16065AED00AB7A1A /* OpenGL.framework */; };
		011CBEE116065B9800AB7A1A /* glLaunch.mm in Sources */ = {isa = PBXBuildFile; fileRef = 011CBEDE16065B9800AB7A1A /* glLaunch.mm */; };
		011CBEE216065B9800AB7A1A /* main.mm in Sources */ = {isa = PBXBuildFile; fileRef = 011CBEDF16065B9800AB7A1A /* main.mm */; };
		011CBEE516065BE200AB7A1A /* testApp.cpp in Sources */ = {isa = PBXBuildFile; fileRef = 011CBEE316065BE200AB7A1A /* testApp.cpp */; };
		014ADDE71555AA8D008FE64B /* SetupWindow.xib in Sources */ = {isa = PBXBuildFile; fileRef = 014ADDE61555A92D008FE64B /* SetupWindow.xib */; };
		019918EA1606656500F54372 /* openFrameworksDebug.a in Frameworks */ = {isa = PBXBuildFile; fileRef = 018D6F701606641C0096A8D1 /* openFrameworksDebug.a */; };
		019B552515559E1C00319062 /* ofxWindowApp.xib in Sources */ = {isa = PBXBuildFile; fileRef = 019B552315559DDC00319062 /* ofxWindowApp.xib */; };
		019B552615559ECD00319062 /* ofxWindowAppDelegate.mm in Sources */ = {isa = PBXBuildFile; fileRef = 019B551C1555941400319062 /* ofxWindowAppDelegate.mm */; };
		019B55291555A0CB00319062 /* SetupWindowController.mm in Sources */ = {isa = PBXBuildFile; fileRef = 019B55281555A0CB00319062 /* SetupWindowController.mm */; };
		9A0F69EE16ADE45B00DEC48B /* ofxFadingFbo.cpp in Sources */ = {isa = PBXBuildFile; fileRef = 9A0F69EC16ADE45B00DEC48B /* ofxFadingFbo.cpp */; };
		9A0F69F616ADE84500DEC48B /* ofxNDUtils.cpp in Sources */ = {isa = PBXBuildFile; fileRef = 9A0F69F416ADE84500DEC48B /* ofxNDUtils.cpp */; };
		9A40878D16A4BAA800D8DAFB /* ImageBlobPhysicsObject.cpp in Sources */ = {isa = PBXBuildFile; fileRef = 9A40878B16A4BAA800D8DAFB /* ImageBlobPhysicsObject.cpp */; };
		9A642CAE16A0810000A7F137 /* PhysicsManager.cpp in Sources */ = {isa = PBXBuildFile; fileRef = 9A642CAC16A0810000A7F137 /* PhysicsManager.cpp */; };
		9A642CB116A0811700A7F137 /* PhysicsObject.cpp in Sources */ = {isa = PBXBuildFile; fileRef = 9A642CAF16A0811700A7F137 /* PhysicsObject.cpp */; };
		9A642CB816A0B34100A7F137 /* GravitationalPhysicsObject.cpp in Sources */ = {isa = PBXBuildFile; fileRef = 9A642CB616A0B34000A7F137 /* GravitationalPhysicsObject.cpp */; };
		BBAB23CB13894F3D00AA2426 /* GLUT.framework in CopyFiles */ = {isa = PBXBuildFile; fileRef = BBAB23BE13894E4700AA2426 /* GLUT.framework */; };
		C8C8451C16A4A92900BCFACA /* ofxHardwareDriver.cpp in Sources */ = {isa = PBXBuildFile; fileRef = C8C844D516A4A92900BCFACA /* ofxHardwareDriver.cpp */; };
		C8C8451D16A4A92900BCFACA /* ofxOpenNI.cpp in Sources */ = {isa = PBXBuildFile; fileRef = C8C844D716A4A92900BCFACA /* ofxOpenNI.cpp */; };
		C8C8451E16A4A92900BCFACA /* ofxOpenNITypes.cpp in Sources */ = {isa = PBXBuildFile; fileRef = C8C844D916A4A92900BCFACA /* ofxOpenNITypes.cpp */; };
		C8C8453716A4AA0400BCFACA /* libnimCodecs.dylib in Frameworks */ = {isa = PBXBuildFile; fileRef = C8C8452916A4AA0400BCFACA /* libnimCodecs.dylib */; };
		C8C8453816A4AA0400BCFACA /* libnimMockNodes.dylib in Frameworks */ = {isa = PBXBuildFile; fileRef = C8C8452A16A4AA0400BCFACA /* libnimMockNodes.dylib */; };
		C8C8453916A4AA0400BCFACA /* libnimRecorder.dylib in Frameworks */ = {isa = PBXBuildFile; fileRef = C8C8452B16A4AA0400BCFACA /* libnimRecorder.dylib */; };
		C8C8453A16A4AA0400BCFACA /* libOpenNI.dylib in Frameworks */ = {isa = PBXBuildFile; fileRef = C8C8452C16A4AA0400BCFACA /* libOpenNI.dylib */; };
		C8C8453B16A4AA0400BCFACA /* libusb-1.0.0.dylib in Frameworks */ = {isa = PBXBuildFile; fileRef = C8C8452D16A4AA0400BCFACA /* libusb-1.0.0.dylib */; };
		C8C8453C16A4AA0400BCFACA /* libXnCore.dylib in Frameworks */ = {isa = PBXBuildFile; fileRef = C8C8452E16A4AA0400BCFACA /* libXnCore.dylib */; };
		C8C8453D16A4AA0400BCFACA /* libXnDDK.dylib in Frameworks */ = {isa = PBXBuildFile; fileRef = C8C8452F16A4AA0400BCFACA /* libXnDDK.dylib */; };
		C8C8453E16A4AA0400BCFACA /* libXnDeviceFile.dylib in Frameworks */ = {isa = PBXBuildFile; fileRef = C8C8453016A4AA0400BCFACA /* libXnDeviceFile.dylib */; };
		C8C8453F16A4AA0400BCFACA /* libXnDeviceSensorV2KM.dylib in Frameworks */ = {isa = PBXBuildFile; fileRef = C8C8453116A4AA0400BCFACA /* libXnDeviceSensorV2KM.dylib */; };
		C8C8454016A4AA0400BCFACA /* libXnFormats.dylib in Frameworks */ = {isa = PBXBuildFile; fileRef = C8C8453216A4AA0400BCFACA /* libXnFormats.dylib */; };
		C8C8454116A4AA0400BCFACA /* libXnVCNITE_1_5_2.dylib in Frameworks */ = {isa = PBXBuildFile; fileRef = C8C8453316A4AA0400BCFACA /* libXnVCNITE_1_5_2.dylib */; };
		C8C8454216A4AA0400BCFACA /* libXnVFeatures_1_5_2.dylib in Frameworks */ = {isa = PBXBuildFile; fileRef = C8C8453416A4AA0400BCFACA /* libXnVFeatures_1_5_2.dylib */; };
		C8C8454316A4AA0400BCFACA /* libXnVHandGenerator_1_5_2.dylib in Frameworks */ = {isa = PBXBuildFile; fileRef = C8C8453516A4AA0400BCFACA /* libXnVHandGenerator_1_5_2.dylib */; };
		C8C8454416A4AA0400BCFACA /* libXnVNite_1_5_2.dylib in Frameworks */ = {isa = PBXBuildFile; fileRef = C8C8453616A4AA0400BCFACA /* libXnVNite_1_5_2.dylib */; };
		C8C8454816A4B22900BCFACA /* HandManager.cpp in Sources */ = {isa = PBXBuildFile; fileRef = C8C8454616A4B22900BCFACA /* HandManager.cpp */; };
		E45BE97B0E8CC7DD009D7055 /* AGL.framework in Frameworks */ = {isa = PBXBuildFile; fileRef = E45BE9710E8CC7DD009D7055 /* AGL.framework */; };
		E45BE97C0E8CC7DD009D7055 /* ApplicationServices.framework in Frameworks */ = {isa = PBXBuildFile; fileRef = E45BE9720E8CC7DD009D7055 /* ApplicationServices.framework */; };
		E45BE97D0E8CC7DD009D7055 /* AudioToolbox.framework in Frameworks */ = {isa = PBXBuildFile; fileRef = E45BE9730E8CC7DD009D7055 /* AudioToolbox.framework */; };
		E45BE97E0E8CC7DD009D7055 /* Carbon.framework in Frameworks */ = {isa = PBXBuildFile; fileRef = E45BE9740E8CC7DD009D7055 /* Carbon.framework */; };
		E45BE97F0E8CC7DD009D7055 /* CoreAudio.framework in Frameworks */ = {isa = PBXBuildFile; fileRef = E45BE9750E8CC7DD009D7055 /* CoreAudio.framework */; };
		E45BE9800E8CC7DD009D7055 /* CoreFoundation.framework in Frameworks */ = {isa = PBXBuildFile; fileRef = E45BE9760E8CC7DD009D7055 /* CoreFoundation.framework */; };
		E45BE9810E8CC7DD009D7055 /* CoreServices.framework in Frameworks */ = {isa = PBXBuildFile; fileRef = E45BE9770E8CC7DD009D7055 /* CoreServices.framework */; };
		E45BE9840E8CC7DD009D7055 /* QuickTime.framework in Frameworks */ = {isa = PBXBuildFile; fileRef = E45BE97A0E8CC7DD009D7055 /* QuickTime.framework */; };
		E4C2424710CC5A17004149E2 /* AppKit.framework in Frameworks */ = {isa = PBXBuildFile; fileRef = E4C2424410CC5A17004149E2 /* AppKit.framework */; };
		E4C2424810CC5A17004149E2 /* Cocoa.framework in Frameworks */ = {isa = PBXBuildFile; fileRef = E4C2424510CC5A17004149E2 /* Cocoa.framework */; };
		E4C2424910CC5A17004149E2 /* IOKit.framework in Frameworks */ = {isa = PBXBuildFile; fileRef = E4C2424610CC5A17004149E2 /* IOKit.framework */; };
		E4EB6799138ADC1D00A09F29 /* GLUT.framework in Frameworks */ = {isa = PBXBuildFile; fileRef = BBAB23BE13894E4700AA2426 /* GLUT.framework */; };
		F205992516A32FFF00730218 /* PhysicsUtils.cpp in Sources */ = {isa = PBXBuildFile; fileRef = F205992316A32FFF00730218 /* PhysicsUtils.cpp */; };
/* End PBXBuildFile section */

/* Begin PBXContainerItemProxy section */
		018D6F6F1606641C0096A8D1 /* PBXContainerItemProxy */ = {
			isa = PBXContainerItemProxy;
			containerPortal = 018D6F681606641C0096A8D1 /* openFrameworksLib.xcodeproj */;
			proxyType = 2;
			remoteGlobalIDString = E4B27C1510CBEB8E00536013;
			remoteInfo = openFrameworks;
		};
		019918E81606656000F54372 /* PBXContainerItemProxy */ = {
			isa = PBXContainerItemProxy;
			containerPortal = 018D6F681606641C0096A8D1 /* openFrameworksLib.xcodeproj */;
			proxyType = 1;
			remoteGlobalIDString = E4B27C1410CBEB8E00536013;
			remoteInfo = openFrameworks;
		};
/* End PBXContainerItemProxy section */

/* Begin PBXCopyFilesBuildPhase section */
		E4C2427710CC5ABF004149E2 /* CopyFiles */ = {
			isa = PBXCopyFilesBuildPhase;
			buildActionMask = 2147483647;
			dstPath = "";
			dstSubfolderSpec = 10;
			files = (
				BBAB23CB13894F3D00AA2426 /* GLUT.framework in CopyFiles */,
			);
			runOnlyForDeploymentPostprocessing = 0;
		};
/* End PBXCopyFilesBuildPhase section */

/* Begin PBXFileReference section */
		010C15571555D5F700D8B84D /* GLView.h */ = {isa = PBXFileReference; fileEncoding = 4; lastKnownFileType = sourcecode.c.h; path = GLView.h; sourceTree = "<group>"; };
		010C15581555D5F700D8B84D /* GLView.mm */ = {isa = PBXFileReference; fileEncoding = 4; lastKnownFileType = sourcecode.cpp.objcpp; path = GLView.mm; sourceTree = "<group>"; };
		010C15591555D5F700D8B84D /* ofxCocoaDelegate.h */ = {isa = PBXFileReference; fileEncoding = 4; lastKnownFileType = sourcecode.c.h; path = ofxCocoaDelegate.h; sourceTree = "<group>"; };
		010C155A1555D5F700D8B84D /* ofxCocoaDelegate.mm */ = {isa = PBXFileReference; fileEncoding = 4; lastKnownFileType = sourcecode.cpp.objcpp; path = ofxCocoaDelegate.mm; sourceTree = "<group>"; };
		010C155B1555D5F700D8B84D /* ofxCocoaWindow.h */ = {isa = PBXFileReference; fileEncoding = 4; lastKnownFileType = sourcecode.c.h; path = ofxCocoaWindow.h; sourceTree = "<group>"; };
		010C155C1555D5F700D8B84D /* ofxCocoaWindow.mm */ = {isa = PBXFileReference; fileEncoding = 4; lastKnownFileType = sourcecode.cpp.objcpp; path = ofxCocoaWindow.mm; sourceTree = "<group>"; };
		010C15601555D71D00D8B84D /* QuartzCore.framework */ = {isa = PBXFileReference; lastKnownFileType = wrapper.framework; name = QuartzCore.framework; path = SDKs/MacOSX10.6.sdk/System/Library/Frameworks/QuartzCore.framework; sourceTree = DEVELOPER_DIR; };
		011CBED816065AE800AB7A1A /* QuartzCore.framework */ = {isa = PBXFileReference; lastKnownFileType = wrapper.framework; name = QuartzCore.framework; path = Platforms/MacOSX.platform/Developer/SDKs/MacOSX10.7.sdk/System/Library/Frameworks/QuartzCore.framework; sourceTree = DEVELOPER_DIR; };
		011CBEDA16065AED00AB7A1A /* OpenGL.framework */ = {isa = PBXFileReference; lastKnownFileType = wrapper.framework; name = OpenGL.framework; path = Platforms/MacOSX.platform/Developer/SDKs/MacOSX10.7.sdk/System/Library/Frameworks/OpenGL.framework; sourceTree = DEVELOPER_DIR; };
		011CBEDD16065B9800AB7A1A /* glLaunch.h */ = {isa = PBXFileReference; fileEncoding = 4; lastKnownFileType = sourcecode.c.h; path = glLaunch.h; sourceTree = "<group>"; };
		011CBEDE16065B9800AB7A1A /* glLaunch.mm */ = {isa = PBXFileReference; fileEncoding = 4; lastKnownFileType = sourcecode.cpp.objcpp; path = glLaunch.mm; sourceTree = "<group>"; };
		011CBEDF16065B9800AB7A1A /* main.mm */ = {isa = PBXFileReference; fileEncoding = 4; lastKnownFileType = sourcecode.cpp.objcpp; path = main.mm; sourceTree = "<group>"; };
		011CBEE016065B9800AB7A1A /* ofxWindowAppPrefix.pch */ = {isa = PBXFileReference; fileEncoding = 4; lastKnownFileType = sourcecode.c.h; path = ofxWindowAppPrefix.pch; sourceTree = "<group>"; };
		011CBEE316065BE200AB7A1A /* testApp.cpp */ = {isa = PBXFileReference; fileEncoding = 4; lastKnownFileType = sourcecode.cpp.cpp; path = testApp.cpp; sourceTree = "<group>"; };
		011CBEE416065BE200AB7A1A /* testApp.h */ = {isa = PBXFileReference; fileEncoding = 4; lastKnownFileType = sourcecode.c.h; path = testApp.h; sourceTree = "<group>"; };
		014ADDE61555A92D008FE64B /* SetupWindow.xib */ = {isa = PBXFileReference; fileEncoding = 4; lastKnownFileType = file.xib; path = SetupWindow.xib; sourceTree = "<group>"; };
		0174CA931556F1440019F5EC /* OpenGL.framework */ = {isa = PBXFileReference; lastKnownFileType = wrapper.framework; name = OpenGL.framework; path = SDKs/MacOSX10.6.sdk/System/Library/Frameworks/OpenGL.framework; sourceTree = DEVELOPER_DIR; };
		018D6F681606641C0096A8D1 /* openFrameworksLib.xcodeproj */ = {isa = PBXFileReference; lastKnownFileType = "wrapper.pb-project"; name = openFrameworksLib.xcodeproj; path = ../../../libs/openFrameworksCompiled/project/osx/openFrameworksLib.xcodeproj; sourceTree = "<group>"; };
		019970141556EAC2002912DC /* QuartzCore.framework */ = {isa = PBXFileReference; lastKnownFileType = wrapper.framework; name = QuartzCore.framework; path = SDKs/MacOSX10.6.sdk/System/Library/Frameworks/QuartzCore.framework; sourceTree = DEVELOPER_DIR; };
		019B551B1555941400319062 /* ofxWindowAppDelegate.h */ = {isa = PBXFileReference; fileEncoding = 4; lastKnownFileType = sourcecode.c.h; path = ofxWindowAppDelegate.h; sourceTree = "<group>"; };
		019B551C1555941400319062 /* ofxWindowAppDelegate.mm */ = {isa = PBXFileReference; fileEncoding = 4; lastKnownFileType = sourcecode.cpp.objcpp; path = ofxWindowAppDelegate.mm; sourceTree = "<group>"; };
		019B552315559DDC00319062 /* ofxWindowApp.xib */ = {isa = PBXFileReference; fileEncoding = 4; lastKnownFileType = file.xib; path = ofxWindowApp.xib; sourceTree = "<group>"; };
		019B55271555A0CB00319062 /* SetupWindowController.h */ = {isa = PBXFileReference; fileEncoding = 4; lastKnownFileType = sourcecode.c.h; path = SetupWindowController.h; sourceTree = "<group>"; };
		019B55281555A0CB00319062 /* SetupWindowController.mm */ = {isa = PBXFileReference; fileEncoding = 4; lastKnownFileType = sourcecode.cpp.objcpp; path = SetupWindowController.mm; sourceTree = "<group>"; };
		9A0F69CC16ADCCA100DEC48B /* ParticlePhysicsObject.h */ = {isa = PBXFileReference; fileEncoding = 4; lastKnownFileType = sourcecode.c.h; path = ParticlePhysicsObject.h; sourceTree = "<group>"; };
		9A0F69EC16ADE45B00DEC48B /* ofxFadingFbo.cpp */ = {isa = PBXFileReference; fileEncoding = 4; lastKnownFileType = sourcecode.cpp.cpp; path = ofxFadingFbo.cpp; sourceTree = "<group>"; };
		9A0F69ED16ADE45B00DEC48B /* ofxFadingFbo.h */ = {isa = PBXFileReference; fileEncoding = 4; lastKnownFileType = sourcecode.c.h; path = ofxFadingFbo.h; sourceTree = "<group>"; };
		9A0F69F416ADE84500DEC48B /* ofxNDUtils.cpp */ = {isa = PBXFileReference; fileEncoding = 4; lastKnownFileType = sourcecode.cpp.cpp; path = ofxNDUtils.cpp; sourceTree = "<group>"; };
		9A0F69F516ADE84500DEC48B /* ofxNDUtils.h */ = {isa = PBXFileReference; fileEncoding = 4; lastKnownFileType = sourcecode.c.h; path = ofxNDUtils.h; sourceTree = "<group>"; };
		9A40878B16A4BAA800D8DAFB /* ImageBlobPhysicsObject.cpp */ = {isa = PBXFileReference; fileEncoding = 4; lastKnownFileType = sourcecode.cpp.cpp; path = ImageBlobPhysicsObject.cpp; sourceTree = "<group>"; };
		9A40878C16A4BAA800D8DAFB /* ImageBlobPhysicsObject.h */ = {isa = PBXFileReference; fileEncoding = 4; lastKnownFileType = sourcecode.c.h; path = ImageBlobPhysicsObject.h; sourceTree = "<group>"; };
		9A642CAC16A0810000A7F137 /* PhysicsManager.cpp */ = {isa = PBXFileReference; fileEncoding = 4; lastKnownFileType = sourcecode.cpp.cpp; path = PhysicsManager.cpp; sourceTree = "<group>"; };
		9A642CAD16A0810000A7F137 /* PhysicsManager.h */ = {isa = PBXFileReference; fileEncoding = 4; lastKnownFileType = sourcecode.c.h; path = PhysicsManager.h; sourceTree = "<group>"; };
		9A642CAF16A0811700A7F137 /* PhysicsObject.cpp */ = {isa = PBXFileReference; fileEncoding = 4; lastKnownFileType = sourcecode.cpp.cpp; path = PhysicsObject.cpp; sourceTree = "<group>"; };
		9A642CB016A0811700A7F137 /* PhysicsObject.h */ = {isa = PBXFileReference; fileEncoding = 4; lastKnownFileType = sourcecode.c.h; path = PhysicsObject.h; sourceTree = "<group>"; };
		9A642CB616A0B34000A7F137 /* GravitationalPhysicsObject.cpp */ = {isa = PBXFileReference; fileEncoding = 4; lastKnownFileType = sourcecode.cpp.cpp; path = GravitationalPhysicsObject.cpp; sourceTree = "<group>"; };
		9A642CB716A0B34100A7F137 /* GravitationalPhysicsObject.h */ = {isa = PBXFileReference; fileEncoding = 4; lastKnownFileType = sourcecode.c.h; path = GravitationalPhysicsObject.h; sourceTree = "<group>"; };
		BBAB23BE13894E4700AA2426 /* GLUT.framework */ = {isa = PBXFileReference; lastKnownFileType = wrapper.framework; name = GLUT.framework; path = ../../../libs/glut/lib/osx/GLUT.framework; sourceTree = "<group>"; };
		C8C8443716A4A92900BCFACA /* libusb.h */ = {isa = PBXFileReference; fileEncoding = 4; lastKnownFileType = sourcecode.c.h; path = libusb.h; sourceTree = "<group>"; };
		C8C8443916A4A92900BCFACA /* XnCommon.h */ = {isa = PBXFileReference; fileEncoding = 4; lastKnownFileType = sourcecode.c.h; path = XnCommon.h; sourceTree = "<group>"; };
		C8C8443A16A4A92900BCFACA /* XnV3DVector.h */ = {isa = PBXFileReference; fileEncoding = 4; lastKnownFileType = sourcecode.c.h; path = XnV3DVector.h; sourceTree = "<group>"; };
		C8C8443B16A4A92900BCFACA /* XnVActivationMessage.h */ = {isa = PBXFileReference; fileEncoding = 4; lastKnownFileType = sourcecode.c.h; path = XnVActivationMessage.h; sourceTree = "<group>"; };
		C8C8443C16A4A92900BCFACA /* XnVBroadcaster.h */ = {isa = PBXFileReference; fileEncoding = 4; lastKnownFileType = sourcecode.c.h; path = XnVBroadcaster.h; sourceTree = "<group>"; };
		C8C8443D16A4A92900BCFACA /* XnVCCMessage.h */ = {isa = PBXFileReference; fileEncoding = 4; lastKnownFileType = sourcecode.c.h; path = XnVCCMessage.h; sourceTree = "<group>"; };
		C8C8443E16A4A92900BCFACA /* XnVCircle.h */ = {isa = PBXFileReference; fileEncoding = 4; lastKnownFileType = sourcecode.c.h; path = XnVCircle.h; sourceTree = "<group>"; };
		C8C8443F16A4A92900BCFACA /* XnVCircleDetector.h */ = {isa = PBXFileReference; fileEncoding = 4; lastKnownFileType = sourcecode.c.h; path = XnVCircleDetector.h; sourceTree = "<group>"; };
		C8C8444016A4A92900BCFACA /* XnVClickableVirtualPlane.h */ = {isa = PBXFileReference; fileEncoding = 4; lastKnownFileType = sourcecode.c.h; path = XnVClickableVirtualPlane.h; sourceTree = "<group>"; };
		C8C8444116A4A92900BCFACA /* XnVComplexMessage.h */ = {isa = PBXFileReference; fileEncoding = 4; lastKnownFileType = sourcecode.c.h; path = XnVComplexMessage.h; sourceTree = "<group>"; };
		C8C8444216A4A92900BCFACA /* XnVDepthControl.h */ = {isa = PBXFileReference; fileEncoding = 4; lastKnownFileType = sourcecode.c.h; path = XnVDepthControl.h; sourceTree = "<group>"; };
		C8C8444316A4A92900BCFACA /* XnVDepthGenerator.h */ = {isa = PBXFileReference; fileEncoding = 4; lastKnownFileType = sourcecode.c.h; path = XnVDepthGenerator.h; sourceTree = "<group>"; };
		C8C8444416A4A92900BCFACA /* XnVDepthMessage.h */ = {isa = PBXFileReference; fileEncoding = 4; lastKnownFileType = sourcecode.c.h; path = XnVDepthMessage.h; sourceTree = "<group>"; };
		C8C8444516A4A92900BCFACA /* XnVDeviceControl.h */ = {isa = PBXFileReference; fileEncoding = 4; lastKnownFileType = sourcecode.c.h; path = XnVDeviceControl.h; sourceTree = "<group>"; };
		C8C8444616A4A92900BCFACA /* XnVDeviceFilter.h */ = {isa = PBXFileReference; fileEncoding = 4; lastKnownFileType = sourcecode.c.h; path = XnVDeviceFilter.h; sourceTree = "<group>"; };
		C8C8444716A4A92900BCFACA /* XnVDeviceGenerator.h */ = {isa = PBXFileReference; fileEncoding = 4; lastKnownFileType = sourcecode.c.h; path = XnVDeviceGenerator.h; sourceTree = "<group>"; };
		C8C8444816A4A92900BCFACA /* XnVDeviceMessage.h */ = {isa = PBXFileReference; fileEncoding = 4; lastKnownFileType = sourcecode.c.h; path = XnVDeviceMessage.h; sourceTree = "<group>"; };
		C8C8444916A4A92900BCFACA /* XnVDirection.h */ = {isa = PBXFileReference; fileEncoding = 4; lastKnownFileType = sourcecode.c.h; path = XnVDirection.h; sourceTree = "<group>"; };
		C8C8444A16A4A92900BCFACA /* XnVFilter.h */ = {isa = PBXFileReference; fileEncoding = 4; lastKnownFileType = sourcecode.c.h; path = XnVFilter.h; sourceTree = "<group>"; };
		C8C8444B16A4A92900BCFACA /* XnVFlowRouter.h */ = {isa = PBXFileReference; fileEncoding = 4; lastKnownFileType = sourcecode.c.h; path = XnVFlowRouter.h; sourceTree = "<group>"; };
		C8C8444C16A4A92900BCFACA /* XnVGesture.h */ = {isa = PBXFileReference; fileEncoding = 4; lastKnownFileType = sourcecode.c.h; path = XnVGesture.h; sourceTree = "<group>"; };
		C8C8444D16A4A92900BCFACA /* XnVHandle.h */ = {isa = PBXFileReference; fileEncoding = 4; lastKnownFileType = sourcecode.c.h; path = XnVHandle.h; sourceTree = "<group>"; };
		C8C8444E16A4A92900BCFACA /* XnVHandPointContext.h */ = {isa = PBXFileReference; fileEncoding = 4; lastKnownFileType = sourcecode.c.h; path = XnVHandPointContext.h; sourceTree = "<group>"; };
		C8C8444F16A4A92900BCFACA /* XnVImageGenerator.h */ = {isa = PBXFileReference; fileEncoding = 4; lastKnownFileType = sourcecode.c.h; path = XnVImageGenerator.h; sourceTree = "<group>"; };
		C8C8445016A4A92900BCFACA /* XnVImageMessage.h */ = {isa = PBXFileReference; fileEncoding = 4; lastKnownFileType = sourcecode.c.h; path = XnVImageMessage.h; sourceTree = "<group>"; };
		C8C8445116A4A92900BCFACA /* XnVMathCommon.h */ = {isa = PBXFileReference; fileEncoding = 4; lastKnownFileType = sourcecode.c.h; path = XnVMathCommon.h; sourceTree = "<group>"; };
		C8C8445216A4A92900BCFACA /* XnVMessage.h */ = {isa = PBXFileReference; fileEncoding = 4; lastKnownFileType = sourcecode.c.h; path = XnVMessage.h; sourceTree = "<group>"; };
		C8C8445316A4A92900BCFACA /* XnVMessageGenerator.h */ = {isa = PBXFileReference; fileEncoding = 4; lastKnownFileType = sourcecode.c.h; path = XnVMessageGenerator.h; sourceTree = "<group>"; };
		C8C8445416A4A92900BCFACA /* XnVMessageListener.h */ = {isa = PBXFileReference; fileEncoding = 4; lastKnownFileType = sourcecode.c.h; path = XnVMessageListener.h; sourceTree = "<group>"; };
		C8C8445516A4A92900BCFACA /* XnVMessageMux.h */ = {isa = PBXFileReference; fileEncoding = 4; lastKnownFileType = sourcecode.c.h; path = XnVMessageMux.h; sourceTree = "<group>"; };
		C8C8445616A4A92900BCFACA /* XnVMultiItemHysteresis1D.h */ = {isa = PBXFileReference; fileEncoding = 4; lastKnownFileType = sourcecode.c.h; path = XnVMultiItemHysteresis1D.h; sourceTree = "<group>"; };
		C8C8445716A4A92900BCFACA /* XnVMultiItemHysteresis2D.h */ = {isa = PBXFileReference; fileEncoding = 4; lastKnownFileType = sourcecode.c.h; path = XnVMultiItemHysteresis2D.h; sourceTree = "<group>"; };
		C8C8445816A4A92900BCFACA /* XnVMultipleHands.h */ = {isa = PBXFileReference; fileEncoding = 4; lastKnownFileType = sourcecode.c.h; path = XnVMultipleHands.h; sourceTree = "<group>"; };
		C8C8445916A4A92900BCFACA /* XnVMultiProcessFlowClient.h */ = {isa = PBXFileReference; fileEncoding = 4; lastKnownFileType = sourcecode.c.h; path = XnVMultiProcessFlowClient.h; sourceTree = "<group>"; };
		C8C8445A16A4A92900BCFACA /* XnVMultiProcessFlowServer.h */ = {isa = PBXFileReference; fileEncoding = 4; lastKnownFileType = sourcecode.c.h; path = XnVMultiProcessFlowServer.h; sourceTree = "<group>"; };
		C8C8445B16A4A92900BCFACA /* XnVNite.h */ = {isa = PBXFileReference; fileEncoding = 4; lastKnownFileType = sourcecode.c.h; path = XnVNite.h; sourceTree = "<group>"; };
		C8C8445C16A4A92900BCFACA /* XnVNiteControls.h */ = {isa = PBXFileReference; fileEncoding = 4; lastKnownFileType = sourcecode.c.h; path = XnVNiteControls.h; sourceTree = "<group>"; };
		C8C8445D16A4A92900BCFACA /* XnVNiteDefs.h */ = {isa = PBXFileReference; fileEncoding = 4; lastKnownFileType = sourcecode.c.h; path = XnVNiteDefs.h; sourceTree = "<group>"; };
		C8C8445E16A4A92900BCFACA /* XnVNiteFramework.h */ = {isa = PBXFileReference; fileEncoding = 4; lastKnownFileType = sourcecode.c.h; path = XnVNiteFramework.h; sourceTree = "<group>"; };
		C8C8445F16A4A92900BCFACA /* XnVNiteLog.h */ = {isa = PBXFileReference; fileEncoding = 4; lastKnownFileType = sourcecode.c.h; path = XnVNiteLog.h; sourceTree = "<group>"; };
		C8C8446016A4A92900BCFACA /* XnVNiteStatus.h */ = {isa = PBXFileReference; fileEncoding = 4; lastKnownFileType = sourcecode.c.h; path = XnVNiteStatus.h; sourceTree = "<group>"; };
		C8C8446116A4A92900BCFACA /* XnVNiteVersion.h */ = {isa = PBXFileReference; fileEncoding = 4; lastKnownFileType = sourcecode.c.h; path = XnVNiteVersion.h; sourceTree = "<group>"; };
		C8C8446216A4A92900BCFACA /* XnVPointArea.h */ = {isa = PBXFileReference; fileEncoding = 4; lastKnownFileType = sourcecode.c.h; path = XnVPointArea.h; sourceTree = "<group>"; };
		C8C8446316A4A92900BCFACA /* XnVPointControl.h */ = {isa = PBXFileReference; fileEncoding = 4; lastKnownFileType = sourcecode.c.h; path = XnVPointControl.h; sourceTree = "<group>"; };
		C8C8446416A4A92900BCFACA /* XnVPointDenoiser.h */ = {isa = PBXFileReference; fileEncoding = 4; lastKnownFileType = sourcecode.c.h; path = XnVPointDenoiser.h; sourceTree = "<group>"; };
		C8C8446516A4A92900BCFACA /* XnVPointFilter.h */ = {isa = PBXFileReference; fileEncoding = 4; lastKnownFileType = sourcecode.c.h; path = XnVPointFilter.h; sourceTree = "<group>"; };
		C8C8446616A4A92900BCFACA /* XnVPointMessage.h */ = {isa = PBXFileReference; fileEncoding = 4; lastKnownFileType = sourcecode.c.h; path = XnVPointMessage.h; sourceTree = "<group>"; };
		C8C8446716A4A92900BCFACA /* XnVPointTracker.h */ = {isa = PBXFileReference; fileEncoding = 4; lastKnownFileType = sourcecode.c.h; path = XnVPointTracker.h; sourceTree = "<group>"; };
		C8C8446816A4A92900BCFACA /* XnVPushDetector.h */ = {isa = PBXFileReference; fileEncoding = 4; lastKnownFileType = sourcecode.c.h; path = XnVPushDetector.h; sourceTree = "<group>"; };
		C8C8446916A4A92900BCFACA /* XnVSelectableSlider1D.h */ = {isa = PBXFileReference; fileEncoding = 4; lastKnownFileType = sourcecode.c.h; path = XnVSelectableSlider1D.h; sourceTree = "<group>"; };
		C8C8446A16A4A92900BCFACA /* XnVSelectableSlider2D.h */ = {isa = PBXFileReference; fileEncoding = 4; lastKnownFileType = sourcecode.c.h; path = XnVSelectableSlider2D.h; sourceTree = "<group>"; };
		C8C8446B16A4A92900BCFACA /* XnVSessionGenerator.h */ = {isa = PBXFileReference; fileEncoding = 4; lastKnownFileType = sourcecode.c.h; path = XnVSessionGenerator.h; sourceTree = "<group>"; };
		C8C8446C16A4A92900BCFACA /* XnVSessionListener.h */ = {isa = PBXFileReference; fileEncoding = 4; lastKnownFileType = sourcecode.c.h; path = XnVSessionListener.h; sourceTree = "<group>"; };
		C8C8446D16A4A92900BCFACA /* XnVSessionManager.h */ = {isa = PBXFileReference; fileEncoding = 4; lastKnownFileType = sourcecode.c.h; path = XnVSessionManager.h; sourceTree = "<group>"; };
		C8C8446E16A4A92900BCFACA /* XnVSessionMessage.h */ = {isa = PBXFileReference; fileEncoding = 4; lastKnownFileType = sourcecode.c.h; path = XnVSessionMessage.h; sourceTree = "<group>"; };
		C8C8446F16A4A92900BCFACA /* XnVSlider1D.h */ = {isa = PBXFileReference; fileEncoding = 4; lastKnownFileType = sourcecode.c.h; path = XnVSlider1D.h; sourceTree = "<group>"; };
		C8C8447016A4A92900BCFACA /* XnVSlider2D.h */ = {isa = PBXFileReference; fileEncoding = 4; lastKnownFileType = sourcecode.c.h; path = XnVSlider2D.h; sourceTree = "<group>"; };
		C8C8447116A4A92900BCFACA /* XnVSlider3D.h */ = {isa = PBXFileReference; fileEncoding = 4; lastKnownFileType = sourcecode.c.h; path = XnVSlider3D.h; sourceTree = "<group>"; };
		C8C8447216A4A92900BCFACA /* XnVSteadyDetector.h */ = {isa = PBXFileReference; fileEncoding = 4; lastKnownFileType = sourcecode.c.h; path = XnVSteadyDetector.h; sourceTree = "<group>"; };
		C8C8447316A4A92900BCFACA /* XnVSwipeDetector.h */ = {isa = PBXFileReference; fileEncoding = 4; lastKnownFileType = sourcecode.c.h; path = XnVSwipeDetector.h; sourceTree = "<group>"; };
		C8C8447416A4A92900BCFACA /* XnVVirtualCoordinates.h */ = {isa = PBXFileReference; fileEncoding = 4; lastKnownFileType = sourcecode.c.h; path = XnVVirtualCoordinates.h; sourceTree = "<group>"; };
		C8C8447516A4A92900BCFACA /* XnVWaveDetector.h */ = {isa = PBXFileReference; fileEncoding = 4; lastKnownFileType = sourcecode.c.h; path = XnVWaveDetector.h; sourceTree = "<group>"; };
		C8C8447816A4A92900BCFACA /* XnPlatformAndroid-Arm.h */ = {isa = PBXFileReference; fileEncoding = 4; lastKnownFileType = sourcecode.c.h; path = "XnPlatformAndroid-Arm.h"; sourceTree = "<group>"; };
		C8C8447A16A4A92900BCFACA /* XnOSARC.h */ = {isa = PBXFileReference; fileEncoding = 4; lastKnownFileType = sourcecode.c.h; path = XnOSARC.h; sourceTree = "<group>"; };
		C8C8447B16A4A92900BCFACA /* XnPlatformARC.h */ = {isa = PBXFileReference; fileEncoding = 4; lastKnownFileType = sourcecode.c.h; path = XnPlatformARC.h; sourceTree = "<group>"; };
		C8C8447C16A4A92900BCFACA /* IXnNodeAllocator.h */ = {isa = PBXFileReference; fileEncoding = 4; lastKnownFileType = sourcecode.c.h; path = IXnNodeAllocator.h; sourceTree = "<group>"; };
		C8C8447E16A4A92900BCFACA /* XnPlatformLinux-Arm.h */ = {isa = PBXFileReference; fileEncoding = 4; lastKnownFileType = sourcecode.c.h; path = "XnPlatformLinux-Arm.h"; sourceTree = "<group>"; };
		C8C8448016A4A92900BCFACA /* XnOSLinux-x86.h */ = {isa = PBXFileReference; fileEncoding = 4; lastKnownFileType = sourcecode.c.h; path = "XnOSLinux-x86.h"; sourceTree = "<group>"; };
		C8C8448116A4A92900BCFACA /* XnPlatformLinux-x86.h */ = {isa = PBXFileReference; fileEncoding = 4; lastKnownFileType = sourcecode.c.h; path = "XnPlatformLinux-x86.h"; sourceTree = "<group>"; };
		C8C8448316A4A92900BCFACA /* XnPlatformMacOSX.h */ = {isa = PBXFileReference; fileEncoding = 4; lastKnownFileType = sourcecode.c.h; path = XnPlatformMacOSX.h; sourceTree = "<group>"; };
		C8C8448516A4A92900BCFACA /* usb100.h */ = {isa = PBXFileReference; fileEncoding = 4; lastKnownFileType = sourcecode.c.h; path = usb100.h; sourceTree = "<group>"; };
		C8C8448616A4A92900BCFACA /* XnOSWin32.h */ = {isa = PBXFileReference; fileEncoding = 4; lastKnownFileType = sourcecode.c.h; path = XnOSWin32.h; sourceTree = "<group>"; };
		C8C8448716A4A92900BCFACA /* XnPlatformWin32.h */ = {isa = PBXFileReference; fileEncoding = 4; lastKnownFileType = sourcecode.c.h; path = XnPlatformWin32.h; sourceTree = "<group>"; };
		C8C8448816A4A92900BCFACA /* XnAlgorithms.h */ = {isa = PBXFileReference; fileEncoding = 4; lastKnownFileType = sourcecode.c.h; path = XnAlgorithms.h; sourceTree = "<group>"; };
		C8C8448916A4A92900BCFACA /* XnArray.h */ = {isa = PBXFileReference; fileEncoding = 4; lastKnownFileType = sourcecode.c.h; path = XnArray.h; sourceTree = "<group>"; };
		C8C8448A16A4A92900BCFACA /* XnBaseNode.h */ = {isa = PBXFileReference; fileEncoding = 4; lastKnownFileType = sourcecode.c.h; path = XnBaseNode.h; sourceTree = "<group>"; };
		C8C8448B16A4A92900BCFACA /* XnBitSet.h */ = {isa = PBXFileReference; fileEncoding = 4; lastKnownFileType = sourcecode.c.h; path = XnBitSet.h; sourceTree = "<group>"; };
		C8C8448C16A4A92900BCFACA /* XnCallback.h */ = {isa = PBXFileReference; fileEncoding = 4; lastKnownFileType = sourcecode.c.h; path = XnCallback.h; sourceTree = "<group>"; };
		C8C8448D16A4A92900BCFACA /* XnCodecIDs.h */ = {isa = PBXFileReference; fileEncoding = 4; lastKnownFileType = sourcecode.c.h; path = XnCodecIDs.h; sourceTree = "<group>"; };
		C8C8448E16A4A92900BCFACA /* XnContext.h */ = {isa = PBXFileReference; fileEncoding = 4; lastKnownFileType = sourcecode.c.h; path = XnContext.h; sourceTree = "<group>"; };
		C8C8448F16A4A92900BCFACA /* XnCppWrapper.h */ = {isa = PBXFileReference; fileEncoding = 4; lastKnownFileType = sourcecode.c.h; path = XnCppWrapper.h; sourceTree = "<group>"; };
		C8C8449016A4A92900BCFACA /* XnDataTypes.h */ = {isa = PBXFileReference; fileEncoding = 4; lastKnownFileType = sourcecode.c.h; path = XnDataTypes.h; sourceTree = "<group>"; };
		C8C8449116A4A92900BCFACA /* XnDerivedCast.h */ = {isa = PBXFileReference; fileEncoding = 4; lastKnownFileType = sourcecode.c.h; path = XnDerivedCast.h; sourceTree = "<group>"; };
		C8C8449216A4A92900BCFACA /* XnDump.h */ = {isa = PBXFileReference; fileEncoding = 4; lastKnownFileType = sourcecode.c.h; path = XnDump.h; sourceTree = "<group>"; };
		C8C8449316A4A92900BCFACA /* XnDumpWriters.h */ = {isa = PBXFileReference; fileEncoding = 4; lastKnownFileType = sourcecode.c.h; path = XnDumpWriters.h; sourceTree = "<group>"; };
		C8C8449416A4A92900BCFACA /* XnEnumerationErrors.h */ = {isa = PBXFileReference; fileEncoding = 4; lastKnownFileType = sourcecode.c.h; path = XnEnumerationErrors.h; sourceTree = "<group>"; };
		C8C8449516A4A92900BCFACA /* XnEvent.h */ = {isa = PBXFileReference; fileEncoding = 4; lastKnownFileType = sourcecode.c.h; path = XnEvent.h; sourceTree = "<group>"; };
		C8C8449616A4A92900BCFACA /* XnFPSCalculator.h */ = {isa = PBXFileReference; fileEncoding = 4; lastKnownFileType = sourcecode.c.h; path = XnFPSCalculator.h; sourceTree = "<group>"; };
		C8C8449716A4A92900BCFACA /* XnGeneralBuffer.h */ = {isa = PBXFileReference; fileEncoding = 4; lastKnownFileType = sourcecode.c.h; path = XnGeneralBuffer.h; sourceTree = "<group>"; };
		C8C8449816A4A92900BCFACA /* XnHash.h */ = {isa = PBXFileReference; fileEncoding = 4; lastKnownFileType = sourcecode.c.h; path = XnHash.h; sourceTree = "<group>"; };
		C8C8449916A4A92900BCFACA /* XnInternalDefs.h */ = {isa = PBXFileReference; fileEncoding = 4; lastKnownFileType = sourcecode.c.h; path = XnInternalDefs.h; sourceTree = "<group>"; };
		C8C8449A16A4A92900BCFACA /* XnLicensing.h */ = {isa = PBXFileReference; fileEncoding = 4; lastKnownFileType = sourcecode.c.h; path = XnLicensing.h; sourceTree = "<group>"; };
		C8C8449B16A4A92900BCFACA /* XnList.h */ = {isa = PBXFileReference; fileEncoding = 4; lastKnownFileType = sourcecode.c.h; path = XnList.h; sourceTree = "<group>"; };
		C8C8449C16A4A92900BCFACA /* XnLog.h */ = {isa = PBXFileReference; fileEncoding = 4; lastKnownFileType = sourcecode.c.h; path = XnLog.h; sourceTree = "<group>"; };
		C8C8449D16A4A92900BCFACA /* XnLogTypes.h */ = {isa = PBXFileReference; fileEncoding = 4; lastKnownFileType = sourcecode.c.h; path = XnLogTypes.h; sourceTree = "<group>"; };
		C8C8449E16A4A92900BCFACA /* XnLogWriterBase.h */ = {isa = PBXFileReference; fileEncoding = 4; lastKnownFileType = sourcecode.c.h; path = XnLogWriterBase.h; sourceTree = "<group>"; };
		C8C8449F16A4A92900BCFACA /* XnMacros.h */ = {isa = PBXFileReference; fileEncoding = 4; lastKnownFileType = sourcecode.c.h; path = XnMacros.h; sourceTree = "<group>"; };
		C8C844A016A4A92900BCFACA /* XnModuleCFunctions.h */ = {isa = PBXFileReference; fileEncoding = 4; lastKnownFileType = sourcecode.c.h; path = XnModuleCFunctions.h; sourceTree = "<group>"; };
		C8C844A116A4A92900BCFACA /* XnModuleCppInterface.h */ = {isa = PBXFileReference; fileEncoding = 4; lastKnownFileType = sourcecode.c.h; path = XnModuleCppInterface.h; sourceTree = "<group>"; };
		C8C844A216A4A92900BCFACA /* XnModuleCppRegistratration.h */ = {isa = PBXFileReference; fileEncoding = 4; lastKnownFileType = sourcecode.c.h; path = XnModuleCppRegistratration.h; sourceTree = "<group>"; };
		C8C844A316A4A92900BCFACA /* XnModuleInterface.h */ = {isa = PBXFileReference; fileEncoding = 4; lastKnownFileType = sourcecode.c.h; path = XnModuleInterface.h; sourceTree = "<group>"; };
		C8C844A416A4A92900BCFACA /* XnNode.h */ = {isa = PBXFileReference; fileEncoding = 4; lastKnownFileType = sourcecode.c.h; path = XnNode.h; sourceTree = "<group>"; };
		C8C844A516A4A92900BCFACA /* XnNodeAllocator.h */ = {isa = PBXFileReference; fileEncoding = 4; lastKnownFileType = sourcecode.c.h; path = XnNodeAllocator.h; sourceTree = "<group>"; };
		C8C844A616A4A92900BCFACA /* XnOpenNI.h */ = {isa = PBXFileReference; fileEncoding = 4; lastKnownFileType = sourcecode.c.h; path = XnOpenNI.h; sourceTree = "<group>"; };
		C8C844A716A4A92900BCFACA /* XnOS.h */ = {isa = PBXFileReference; fileEncoding = 4; lastKnownFileType = sourcecode.c.h; path = XnOS.h; sourceTree = "<group>"; };
		C8C844A816A4A92900BCFACA /* XnOSCpp.h */ = {isa = PBXFileReference; fileEncoding = 4; lastKnownFileType = sourcecode.c.h; path = XnOSCpp.h; sourceTree = "<group>"; };
		C8C844A916A4A92900BCFACA /* XnOSMemory.h */ = {isa = PBXFileReference; fileEncoding = 4; lastKnownFileType = sourcecode.c.h; path = XnOSMemory.h; sourceTree = "<group>"; };
		C8C844AA16A4A92900BCFACA /* XnOSStrings.h */ = {isa = PBXFileReference; fileEncoding = 4; lastKnownFileType = sourcecode.c.h; path = XnOSStrings.h; sourceTree = "<group>"; };
		C8C844AB16A4A92900BCFACA /* XnPlatform.h */ = {isa = PBXFileReference; fileEncoding = 4; lastKnownFileType = sourcecode.c.h; path = XnPlatform.h; sourceTree = "<group>"; };
		C8C844AC16A4A92900BCFACA /* XnPrdNode.h */ = {isa = PBXFileReference; fileEncoding = 4; lastKnownFileType = sourcecode.c.h; path = XnPrdNode.h; sourceTree = "<group>"; };
		C8C844AD16A4A92900BCFACA /* XnPrdNodeInfo.h */ = {isa = PBXFileReference; fileEncoding = 4; lastKnownFileType = sourcecode.c.h; path = XnPrdNodeInfo.h; sourceTree = "<group>"; };
		C8C844AE16A4A92900BCFACA /* XnPrdNodeInfoList.h */ = {isa = PBXFileReference; fileEncoding = 4; lastKnownFileType = sourcecode.c.h; path = XnPrdNodeInfoList.h; sourceTree = "<group>"; };
		C8C844AF16A4A92900BCFACA /* XnProfiling.h */ = {isa = PBXFileReference; fileEncoding = 4; lastKnownFileType = sourcecode.c.h; path = XnProfiling.h; sourceTree = "<group>"; };
		C8C844B016A4A92900BCFACA /* XnPropNames.h */ = {isa = PBXFileReference; fileEncoding = 4; lastKnownFileType = sourcecode.c.h; path = XnPropNames.h; sourceTree = "<group>"; };
		C8C844B116A4A92900BCFACA /* XnQueries.h */ = {isa = PBXFileReference; fileEncoding = 4; lastKnownFileType = sourcecode.c.h; path = XnQueries.h; sourceTree = "<group>"; };
		C8C844B216A4A92900BCFACA /* XnQueue.h */ = {isa = PBXFileReference; fileEncoding = 4; lastKnownFileType = sourcecode.c.h; path = XnQueue.h; sourceTree = "<group>"; };
		C8C844B316A4A92900BCFACA /* XnScheduler.h */ = {isa = PBXFileReference; fileEncoding = 4; lastKnownFileType = sourcecode.c.h; path = XnScheduler.h; sourceTree = "<group>"; };
		C8C844B416A4A92900BCFACA /* XnStack.h */ = {isa = PBXFileReference; fileEncoding = 4; lastKnownFileType = sourcecode.c.h; path = XnStack.h; sourceTree = "<group>"; };
		C8C844B516A4A92900BCFACA /* XnStatus.h */ = {isa = PBXFileReference; fileEncoding = 4; lastKnownFileType = sourcecode.c.h; path = XnStatus.h; sourceTree = "<group>"; };
		C8C844B616A4A92900BCFACA /* XnStatusCodes.h */ = {isa = PBXFileReference; fileEncoding = 4; lastKnownFileType = sourcecode.c.h; path = XnStatusCodes.h; sourceTree = "<group>"; };
		C8C844B716A4A92900BCFACA /* XnStatusRegister.h */ = {isa = PBXFileReference; fileEncoding = 4; lastKnownFileType = sourcecode.c.h; path = XnStatusRegister.h; sourceTree = "<group>"; };
		C8C844B816A4A92900BCFACA /* XnStringsHash.h */ = {isa = PBXFileReference; fileEncoding = 4; lastKnownFileType = sourcecode.c.h; path = XnStringsHash.h; sourceTree = "<group>"; };
		C8C844B916A4A92900BCFACA /* XnThreadSafeQueue.h */ = {isa = PBXFileReference; fileEncoding = 4; lastKnownFileType = sourcecode.c.h; path = XnThreadSafeQueue.h; sourceTree = "<group>"; };
		C8C844BA16A4A92900BCFACA /* XnTypes.h */ = {isa = PBXFileReference; fileEncoding = 4; lastKnownFileType = sourcecode.c.h; path = XnTypes.h; sourceTree = "<group>"; };
		C8C844BB16A4A92900BCFACA /* XnUSB.h */ = {isa = PBXFileReference; fileEncoding = 4; lastKnownFileType = sourcecode.c.h; path = XnUSB.h; sourceTree = "<group>"; };
		C8C844BC16A4A92900BCFACA /* XnUSBDevice.h */ = {isa = PBXFileReference; fileEncoding = 4; lastKnownFileType = sourcecode.c.h; path = XnUSBDevice.h; sourceTree = "<group>"; };
		C8C844BD16A4A92900BCFACA /* XnUtils.h */ = {isa = PBXFileReference; fileEncoding = 4; lastKnownFileType = sourcecode.c.h; path = XnUtils.h; sourceTree = "<group>"; };
		C8C844BE16A4A92900BCFACA /* XnVersion.h */ = {isa = PBXFileReference; fileEncoding = 4; lastKnownFileType = sourcecode.c.h; path = XnVersion.h; sourceTree = "<group>"; };
		C8C844D516A4A92900BCFACA /* ofxHardwareDriver.cpp */ = {isa = PBXFileReference; fileEncoding = 4; lastKnownFileType = sourcecode.cpp.cpp; path = ofxHardwareDriver.cpp; sourceTree = "<group>"; };
		C8C844D616A4A92900BCFACA /* ofxHardwareDriver.h */ = {isa = PBXFileReference; fileEncoding = 4; lastKnownFileType = sourcecode.c.h; path = ofxHardwareDriver.h; sourceTree = "<group>"; };
		C8C844D716A4A92900BCFACA /* ofxOpenNI.cpp */ = {isa = PBXFileReference; fileEncoding = 4; lastKnownFileType = sourcecode.cpp.cpp; path = ofxOpenNI.cpp; sourceTree = "<group>"; };
		C8C844D816A4A92900BCFACA /* ofxOpenNI.h */ = {isa = PBXFileReference; fileEncoding = 4; lastKnownFileType = sourcecode.c.h; path = ofxOpenNI.h; sourceTree = "<group>"; };
		C8C844D916A4A92900BCFACA /* ofxOpenNITypes.cpp */ = {isa = PBXFileReference; fileEncoding = 4; lastKnownFileType = sourcecode.cpp.cpp; path = ofxOpenNITypes.cpp; sourceTree = "<group>"; };
		C8C844DA16A4A92900BCFACA /* ofxOpenNITypes.h */ = {isa = PBXFileReference; fileEncoding = 4; lastKnownFileType = sourcecode.c.h; path = ofxOpenNITypes.h; sourceTree = "<group>"; };
		C8C844DB16A4A92900BCFACA /* ofxOpenNIUtils.h */ = {isa = PBXFileReference; fileEncoding = 4; lastKnownFileType = sourcecode.c.h; path = ofxOpenNIUtils.h; sourceTree = "<group>"; };
		C8C8452816A4AA0400BCFACA /* change_exec_paths.sh */ = {isa = PBXFileReference; fileEncoding = 4; lastKnownFileType = text.script.sh; path = change_exec_paths.sh; sourceTree = "<group>"; };
		C8C8452916A4AA0400BCFACA /* libnimCodecs.dylib */ = {isa = PBXFileReference; lastKnownFileType = "compiled.mach-o.dylib"; path = libnimCodecs.dylib; sourceTree = "<group>"; };
		C8C8452A16A4AA0400BCFACA /* libnimMockNodes.dylib */ = {isa = PBXFileReference; lastKnownFileType = "compiled.mach-o.dylib"; path = libnimMockNodes.dylib; sourceTree = "<group>"; };
		C8C8452B16A4AA0400BCFACA /* libnimRecorder.dylib */ = {isa = PBXFileReference; lastKnownFileType = "compiled.mach-o.dylib"; path = libnimRecorder.dylib; sourceTree = "<group>"; };
		C8C8452C16A4AA0400BCFACA /* libOpenNI.dylib */ = {isa = PBXFileReference; lastKnownFileType = "compiled.mach-o.dylib"; path = libOpenNI.dylib; sourceTree = "<group>"; };
		C8C8452D16A4AA0400BCFACA /* libusb-1.0.0.dylib */ = {isa = PBXFileReference; lastKnownFileType = "compiled.mach-o.dylib"; path = "libusb-1.0.0.dylib"; sourceTree = "<group>"; };
		C8C8452E16A4AA0400BCFACA /* libXnCore.dylib */ = {isa = PBXFileReference; lastKnownFileType = "compiled.mach-o.dylib"; path = libXnCore.dylib; sourceTree = "<group>"; };
		C8C8452F16A4AA0400BCFACA /* libXnDDK.dylib */ = {isa = PBXFileReference; lastKnownFileType = "compiled.mach-o.dylib"; path = libXnDDK.dylib; sourceTree = "<group>"; };
		C8C8453016A4AA0400BCFACA /* libXnDeviceFile.dylib */ = {isa = PBXFileReference; lastKnownFileType = "compiled.mach-o.dylib"; path = libXnDeviceFile.dylib; sourceTree = "<group>"; };
		C8C8453116A4AA0400BCFACA /* libXnDeviceSensorV2KM.dylib */ = {isa = PBXFileReference; lastKnownFileType = "compiled.mach-o.dylib"; path = libXnDeviceSensorV2KM.dylib; sourceTree = "<group>"; };
		C8C8453216A4AA0400BCFACA /* libXnFormats.dylib */ = {isa = PBXFileReference; lastKnownFileType = "compiled.mach-o.dylib"; path = libXnFormats.dylib; sourceTree = "<group>"; };
		C8C8453316A4AA0400BCFACA /* libXnVCNITE_1_5_2.dylib */ = {isa = PBXFileReference; lastKnownFileType = "compiled.mach-o.dylib"; path = libXnVCNITE_1_5_2.dylib; sourceTree = "<group>"; };
		C8C8453416A4AA0400BCFACA /* libXnVFeatures_1_5_2.dylib */ = {isa = PBXFileReference; lastKnownFileType = "compiled.mach-o.dylib"; path = libXnVFeatures_1_5_2.dylib; sourceTree = "<group>"; };
		C8C8453516A4AA0400BCFACA /* libXnVHandGenerator_1_5_2.dylib */ = {isa = PBXFileReference; lastKnownFileType = "compiled.mach-o.dylib"; path = libXnVHandGenerator_1_5_2.dylib; sourceTree = "<group>"; };
		C8C8453616A4AA0400BCFACA /* libXnVNite_1_5_2.dylib */ = {isa = PBXFileReference; lastKnownFileType = "compiled.mach-o.dylib"; path = libXnVNite_1_5_2.dylib; sourceTree = "<group>"; };
		C8C8454616A4B22900BCFACA /* HandManager.cpp */ = {isa = PBXFileReference; fileEncoding = 4; lastKnownFileType = sourcecode.cpp.cpp; path = HandManager.cpp; sourceTree = "<group>"; };
		C8C8454716A4B22900BCFACA /* HandManager.h */ = {isa = PBXFileReference; fileEncoding = 4; lastKnownFileType = sourcecode.c.h; path = HandManager.h; sourceTree = "<group>"; };
		E45BE9710E8CC7DD009D7055 /* AGL.framework */ = {isa = PBXFileReference; lastKnownFileType = wrapper.framework; name = AGL.framework; path = /System/Library/Frameworks/AGL.framework; sourceTree = "<absolute>"; };
		E45BE9720E8CC7DD009D7055 /* ApplicationServices.framework */ = {isa = PBXFileReference; lastKnownFileType = wrapper.framework; name = ApplicationServices.framework; path = /System/Library/Frameworks/ApplicationServices.framework; sourceTree = "<absolute>"; };
		E45BE9730E8CC7DD009D7055 /* AudioToolbox.framework */ = {isa = PBXFileReference; lastKnownFileType = wrapper.framework; name = AudioToolbox.framework; path = /System/Library/Frameworks/AudioToolbox.framework; sourceTree = "<absolute>"; };
		E45BE9740E8CC7DD009D7055 /* Carbon.framework */ = {isa = PBXFileReference; lastKnownFileType = wrapper.framework; name = Carbon.framework; path = /System/Library/Frameworks/Carbon.framework; sourceTree = "<absolute>"; };
		E45BE9750E8CC7DD009D7055 /* CoreAudio.framework */ = {isa = PBXFileReference; lastKnownFileType = wrapper.framework; name = CoreAudio.framework; path = /System/Library/Frameworks/CoreAudio.framework; sourceTree = "<absolute>"; };
		E45BE9760E8CC7DD009D7055 /* CoreFoundation.framework */ = {isa = PBXFileReference; lastKnownFileType = wrapper.framework; name = CoreFoundation.framework; path = /System/Library/Frameworks/CoreFoundation.framework; sourceTree = "<absolute>"; };
		E45BE9770E8CC7DD009D7055 /* CoreServices.framework */ = {isa = PBXFileReference; lastKnownFileType = wrapper.framework; name = CoreServices.framework; path = /System/Library/Frameworks/CoreServices.framework; sourceTree = "<absolute>"; };
		E45BE97A0E8CC7DD009D7055 /* QuickTime.framework */ = {isa = PBXFileReference; lastKnownFileType = wrapper.framework; name = QuickTime.framework; path = /System/Library/Frameworks/QuickTime.framework; sourceTree = "<absolute>"; };
		E4B69B5B0A3A1756003C02F2 /* raizWallDebug.app */ = {isa = PBXFileReference; explicitFileType = wrapper.application; includeInIndex = 0; path = raizWallDebug.app; sourceTree = BUILT_PRODUCTS_DIR; };
		E4B6FCAD0C3E899E008CF71C /* app-info.plist */ = {isa = PBXFileReference; fileEncoding = 30; lastKnownFileType = text.plist.xml; path = "app-info.plist"; sourceTree = "<group>"; };
		E4C2424410CC5A17004149E2 /* AppKit.framework */ = {isa = PBXFileReference; lastKnownFileType = wrapper.framework; name = AppKit.framework; path = /System/Library/Frameworks/AppKit.framework; sourceTree = "<absolute>"; };
		E4C2424510CC5A17004149E2 /* Cocoa.framework */ = {isa = PBXFileReference; lastKnownFileType = wrapper.framework; name = Cocoa.framework; path = /System/Library/Frameworks/Cocoa.framework; sourceTree = "<absolute>"; };
		E4C2424610CC5A17004149E2 /* IOKit.framework */ = {isa = PBXFileReference; lastKnownFileType = wrapper.framework; name = IOKit.framework; path = /System/Library/Frameworks/IOKit.framework; sourceTree = "<absolute>"; };
		E4EB6923138AFD0F00A09F29 /* Project.xcconfig */ = {isa = PBXFileReference; fileEncoding = 4; lastKnownFileType = text.xcconfig; path = Project.xcconfig; sourceTree = "<group>"; };
		F205992316A32FFF00730218 /* PhysicsUtils.cpp */ = {isa = PBXFileReference; fileEncoding = 4; lastKnownFileType = sourcecode.cpp.cpp; path = PhysicsUtils.cpp; sourceTree = "<group>"; };
		F205992416A32FFF00730218 /* PhysicsUtils.h */ = {isa = PBXFileReference; fileEncoding = 4; lastKnownFileType = sourcecode.c.h; path = PhysicsUtils.h; sourceTree = "<group>"; };
/* End PBXFileReference section */

/* Begin PBXFrameworksBuildPhase section */
		E4B69B590A3A1756003C02F2 /* Frameworks */ = {
			isa = PBXFrameworksBuildPhase;
			buildActionMask = 2147483647;
			files = (
				019918EA1606656500F54372 /* openFrameworksDebug.a in Frameworks */,
				011CBEDB16065AED00AB7A1A /* OpenGL.framework in Frameworks */,
				011CBED916065AE800AB7A1A /* QuartzCore.framework in Frameworks */,
				E4EB6799138ADC1D00A09F29 /* GLUT.framework in Frameworks */,
				E45BE97B0E8CC7DD009D7055 /* AGL.framework in Frameworks */,
				E45BE97C0E8CC7DD009D7055 /* ApplicationServices.framework in Frameworks */,
				E45BE97D0E8CC7DD009D7055 /* AudioToolbox.framework in Frameworks */,
				E45BE97E0E8CC7DD009D7055 /* Carbon.framework in Frameworks */,
				E45BE97F0E8CC7DD009D7055 /* CoreAudio.framework in Frameworks */,
				E45BE9800E8CC7DD009D7055 /* CoreFoundation.framework in Frameworks */,
				E45BE9810E8CC7DD009D7055 /* CoreServices.framework in Frameworks */,
				E45BE9840E8CC7DD009D7055 /* QuickTime.framework in Frameworks */,
				E4C2424710CC5A17004149E2 /* AppKit.framework in Frameworks */,
				E4C2424810CC5A17004149E2 /* Cocoa.framework in Frameworks */,
				E4C2424910CC5A17004149E2 /* IOKit.framework in Frameworks */,
				C8C8453716A4AA0400BCFACA /* libnimCodecs.dylib in Frameworks */,
				C8C8453816A4AA0400BCFACA /* libnimMockNodes.dylib in Frameworks */,
				C8C8453916A4AA0400BCFACA /* libnimRecorder.dylib in Frameworks */,
				C8C8453A16A4AA0400BCFACA /* libOpenNI.dylib in Frameworks */,
				C8C8453B16A4AA0400BCFACA /* libusb-1.0.0.dylib in Frameworks */,
				C8C8453C16A4AA0400BCFACA /* libXnCore.dylib in Frameworks */,
				C8C8453D16A4AA0400BCFACA /* libXnDDK.dylib in Frameworks */,
				C8C8453E16A4AA0400BCFACA /* libXnDeviceFile.dylib in Frameworks */,
				C8C8453F16A4AA0400BCFACA /* libXnDeviceSensorV2KM.dylib in Frameworks */,
				C8C8454016A4AA0400BCFACA /* libXnFormats.dylib in Frameworks */,
				C8C8454116A4AA0400BCFACA /* libXnVCNITE_1_5_2.dylib in Frameworks */,
				C8C8454216A4AA0400BCFACA /* libXnVFeatures_1_5_2.dylib in Frameworks */,
				C8C8454316A4AA0400BCFACA /* libXnVHandGenerator_1_5_2.dylib in Frameworks */,
				C8C8454416A4AA0400BCFACA /* libXnVNite_1_5_2.dylib in Frameworks */,
			);
			runOnlyForDeploymentPostprocessing = 0;
		};
/* End PBXFrameworksBuildPhase section */

/* Begin PBXGroup section */
		010C15561555D5F700D8B84D /* ofxCocoaWindowModified */ = {
			isa = PBXGroup;
			children = (
				010C15571555D5F700D8B84D /* GLView.h */,
				010C15581555D5F700D8B84D /* GLView.mm */,
				010C15591555D5F700D8B84D /* ofxCocoaDelegate.h */,
				010C155A1555D5F700D8B84D /* ofxCocoaDelegate.mm */,
				010C155B1555D5F700D8B84D /* ofxCocoaWindow.h */,
				010C155C1555D5F700D8B84D /* ofxCocoaWindow.mm */,
			);
			name = ofxCocoaWindowModified;
			path = src/ofxCocoaWindow;
			sourceTree = "<group>";
		};
		011CBEDC16065B7E00AB7A1A /* OtherSources */ = {
			isa = PBXGroup;
			children = (
				011CBEDD16065B9800AB7A1A /* glLaunch.h */,
				011CBEDE16065B9800AB7A1A /* glLaunch.mm */,
				011CBEDF16065B9800AB7A1A /* main.mm */,
				011CBEE016065B9800AB7A1A /* ofxWindowAppPrefix.pch */,
			);
			name = OtherSources;
			path = src/OtherSources;
			sourceTree = "<group>";
		};
		018D6F5916065FEE0096A8D1 /* openFrameworks */ = {
			isa = PBXGroup;
			children = (
				018D6F681606641C0096A8D1 /* openFrameworksLib.xcodeproj */,
			);
			name = openFrameworks;
			sourceTree = "<group>";
		};
		018D6F691606641C0096A8D1 /* Products */ = {
			isa = PBXGroup;
			children = (
				018D6F701606641C0096A8D1 /* openFrameworksDebug.a */,
			);
			name = Products;
			sourceTree = "<group>";
		};
		019B54EA1555934A00319062 /* Application */ = {
			isa = PBXGroup;
			children = (
				019B551B1555941400319062 /* ofxWindowAppDelegate.h */,
				019B551C1555941400319062 /* ofxWindowAppDelegate.mm */,
				019B552315559DDC00319062 /* ofxWindowApp.xib */,
				019B55271555A0CB00319062 /* SetupWindowController.h */,
				019B55281555A0CB00319062 /* SetupWindowController.mm */,
				014ADDE61555A92D008FE64B /* SetupWindow.xib */,
			);
			path = Application;
			sourceTree = "<group>";
		};
		9A642CB216A082CC00A7F137 /* Physics */ = {
			isa = PBXGroup;
			children = (
				9A642CAD16A0810000A7F137 /* PhysicsManager.h */,
				9A642CAC16A0810000A7F137 /* PhysicsManager.cpp */,
				9A642CB016A0811700A7F137 /* PhysicsObject.h */,
				9A642CAF16A0811700A7F137 /* PhysicsObject.cpp */,
				9A0F69CC16ADCCA100DEC48B /* ParticlePhysicsObject.h */,
				9A642CB716A0B34100A7F137 /* GravitationalPhysicsObject.h */,
				9A642CB616A0B34000A7F137 /* GravitationalPhysicsObject.cpp */,
				9A40878C16A4BAA800D8DAFB /* ImageBlobPhysicsObject.h */,
				9A40878B16A4BAA800D8DAFB /* ImageBlobPhysicsObject.cpp */,
				F205992416A32FFF00730218 /* PhysicsUtils.h */,
				F205992316A32FFF00730218 /* PhysicsUtils.cpp */,
			);
			name = Physics;
			sourceTree = "<group>";
		};
		BB4B014C10F69532006C3DED /* addons */ = {
			isa = PBXGroup;
			children = (
				C8C843DD16A4A92800BCFACA /* ofxOpenNI */,
				010C15561555D5F700D8B84D /* ofxCocoaWindowModified */,
			);
			name = addons;
			sourceTree = "<group>";
		};
		BBAB23C913894ECA00AA2426 /* system frameworks */ = {
			isa = PBXGroup;
			children = (
				0174CA931556F1440019F5EC /* OpenGL.framework */,
				010C15601555D71D00D8B84D /* QuartzCore.framework */,
				019970141556EAC2002912DC /* QuartzCore.framework */,
				E4C2424410CC5A17004149E2 /* AppKit.framework */,
				E4C2424510CC5A17004149E2 /* Cocoa.framework */,
				E4C2424610CC5A17004149E2 /* IOKit.framework */,
				E45BE9710E8CC7DD009D7055 /* AGL.framework */,
				E45BE9720E8CC7DD009D7055 /* ApplicationServices.framework */,
				E45BE9730E8CC7DD009D7055 /* AudioToolbox.framework */,
				E45BE9740E8CC7DD009D7055 /* Carbon.framework */,
				E45BE9750E8CC7DD009D7055 /* CoreAudio.framework */,
				E45BE9760E8CC7DD009D7055 /* CoreFoundation.framework */,
				E45BE9770E8CC7DD009D7055 /* CoreServices.framework */,
				E45BE97A0E8CC7DD009D7055 /* QuickTime.framework */,
			);
			name = "system frameworks";
			sourceTree = "<group>";
		};
		BBAB23CA13894EDB00AA2426 /* 3rd party frameworks */ = {
			isa = PBXGroup;
			children = (
				BBAB23BE13894E4700AA2426 /* GLUT.framework */,
			);
			name = "3rd party frameworks";
			sourceTree = "<group>";
		};
		C8C843DD16A4A92800BCFACA /* ofxOpenNI */ = {
			isa = PBXGroup;
			children = (
				C8C8452716A4AA0400BCFACA /* lib */,
				C8C8443516A4A92900BCFACA /* include */,
				C8C844D416A4A92900BCFACA /* src */,
			);
			name = ofxOpenNI;
			path = ../../../addons/ofxOpenNI;
			sourceTree = "<group>";
		};
		C8C8443516A4A92900BCFACA /* include */ = {
			isa = PBXGroup;
			children = (
				C8C8443616A4A92900BCFACA /* libusb */,
				C8C8443816A4A92900BCFACA /* nite */,
				C8C8447616A4A92900BCFACA /* openni */,
			);
			path = include;
			sourceTree = "<group>";
		};
		C8C8443616A4A92900BCFACA /* libusb */ = {
			isa = PBXGroup;
			children = (
				C8C8443716A4A92900BCFACA /* libusb.h */,
			);
			path = libusb;
			sourceTree = "<group>";
		};
		C8C8443816A4A92900BCFACA /* nite */ = {
			isa = PBXGroup;
			children = (
				C8C8443916A4A92900BCFACA /* XnCommon.h */,
				C8C8443A16A4A92900BCFACA /* XnV3DVector.h */,
				C8C8443B16A4A92900BCFACA /* XnVActivationMessage.h */,
				C8C8443C16A4A92900BCFACA /* XnVBroadcaster.h */,
				C8C8443D16A4A92900BCFACA /* XnVCCMessage.h */,
				C8C8443E16A4A92900BCFACA /* XnVCircle.h */,
				C8C8443F16A4A92900BCFACA /* XnVCircleDetector.h */,
				C8C8444016A4A92900BCFACA /* XnVClickableVirtualPlane.h */,
				C8C8444116A4A92900BCFACA /* XnVComplexMessage.h */,
				C8C8444216A4A92900BCFACA /* XnVDepthControl.h */,
				C8C8444316A4A92900BCFACA /* XnVDepthGenerator.h */,
				C8C8444416A4A92900BCFACA /* XnVDepthMessage.h */,
				C8C8444516A4A92900BCFACA /* XnVDeviceControl.h */,
				C8C8444616A4A92900BCFACA /* XnVDeviceFilter.h */,
				C8C8444716A4A92900BCFACA /* XnVDeviceGenerator.h */,
				C8C8444816A4A92900BCFACA /* XnVDeviceMessage.h */,
				C8C8444916A4A92900BCFACA /* XnVDirection.h */,
				C8C8444A16A4A92900BCFACA /* XnVFilter.h */,
				C8C8444B16A4A92900BCFACA /* XnVFlowRouter.h */,
				C8C8444C16A4A92900BCFACA /* XnVGesture.h */,
				C8C8444D16A4A92900BCFACA /* XnVHandle.h */,
				C8C8444E16A4A92900BCFACA /* XnVHandPointContext.h */,
				C8C8444F16A4A92900BCFACA /* XnVImageGenerator.h */,
				C8C8445016A4A92900BCFACA /* XnVImageMessage.h */,
				C8C8445116A4A92900BCFACA /* XnVMathCommon.h */,
				C8C8445216A4A92900BCFACA /* XnVMessage.h */,
				C8C8445316A4A92900BCFACA /* XnVMessageGenerator.h */,
				C8C8445416A4A92900BCFACA /* XnVMessageListener.h */,
				C8C8445516A4A92900BCFACA /* XnVMessageMux.h */,
				C8C8445616A4A92900BCFACA /* XnVMultiItemHysteresis1D.h */,
				C8C8445716A4A92900BCFACA /* XnVMultiItemHysteresis2D.h */,
				C8C8445816A4A92900BCFACA /* XnVMultipleHands.h */,
				C8C8445916A4A92900BCFACA /* XnVMultiProcessFlowClient.h */,
				C8C8445A16A4A92900BCFACA /* XnVMultiProcessFlowServer.h */,
				C8C8445B16A4A92900BCFACA /* XnVNite.h */,
				C8C8445C16A4A92900BCFACA /* XnVNiteControls.h */,
				C8C8445D16A4A92900BCFACA /* XnVNiteDefs.h */,
				C8C8445E16A4A92900BCFACA /* XnVNiteFramework.h */,
				C8C8445F16A4A92900BCFACA /* XnVNiteLog.h */,
				C8C8446016A4A92900BCFACA /* XnVNiteStatus.h */,
				C8C8446116A4A92900BCFACA /* XnVNiteVersion.h */,
				C8C8446216A4A92900BCFACA /* XnVPointArea.h */,
				C8C8446316A4A92900BCFACA /* XnVPointControl.h */,
				C8C8446416A4A92900BCFACA /* XnVPointDenoiser.h */,
				C8C8446516A4A92900BCFACA /* XnVPointFilter.h */,
				C8C8446616A4A92900BCFACA /* XnVPointMessage.h */,
				C8C8446716A4A92900BCFACA /* XnVPointTracker.h */,
				C8C8446816A4A92900BCFACA /* XnVPushDetector.h */,
				C8C8446916A4A92900BCFACA /* XnVSelectableSlider1D.h */,
				C8C8446A16A4A92900BCFACA /* XnVSelectableSlider2D.h */,
				C8C8446B16A4A92900BCFACA /* XnVSessionGenerator.h */,
				C8C8446C16A4A92900BCFACA /* XnVSessionListener.h */,
				C8C8446D16A4A92900BCFACA /* XnVSessionManager.h */,
				C8C8446E16A4A92900BCFACA /* XnVSessionMessage.h */,
				C8C8446F16A4A92900BCFACA /* XnVSlider1D.h */,
				C8C8447016A4A92900BCFACA /* XnVSlider2D.h */,
				C8C8447116A4A92900BCFACA /* XnVSlider3D.h */,
				C8C8447216A4A92900BCFACA /* XnVSteadyDetector.h */,
				C8C8447316A4A92900BCFACA /* XnVSwipeDetector.h */,
				C8C8447416A4A92900BCFACA /* XnVVirtualCoordinates.h */,
				C8C8447516A4A92900BCFACA /* XnVWaveDetector.h */,
			);
			path = nite;
			sourceTree = "<group>";
		};
		C8C8447616A4A92900BCFACA /* openni */ = {
			isa = PBXGroup;
			children = (
				C8C8447716A4A92900BCFACA /* Android-Arm */,
				C8C8447916A4A92900BCFACA /* ARC */,
				C8C8447C16A4A92900BCFACA /* IXnNodeAllocator.h */,
				C8C8447D16A4A92900BCFACA /* Linux-Arm */,
				C8C8447F16A4A92900BCFACA /* Linux-x86 */,
				C8C8448216A4A92900BCFACA /* MacOSX */,
				C8C8448416A4A92900BCFACA /* Win32 */,
				C8C8448816A4A92900BCFACA /* XnAlgorithms.h */,
				C8C8448916A4A92900BCFACA /* XnArray.h */,
				C8C8448A16A4A92900BCFACA /* XnBaseNode.h */,
				C8C8448B16A4A92900BCFACA /* XnBitSet.h */,
				C8C8448C16A4A92900BCFACA /* XnCallback.h */,
				C8C8448D16A4A92900BCFACA /* XnCodecIDs.h */,
				C8C8448E16A4A92900BCFACA /* XnContext.h */,
				C8C8448F16A4A92900BCFACA /* XnCppWrapper.h */,
				C8C8449016A4A92900BCFACA /* XnDataTypes.h */,
				C8C8449116A4A92900BCFACA /* XnDerivedCast.h */,
				C8C8449216A4A92900BCFACA /* XnDump.h */,
				C8C8449316A4A92900BCFACA /* XnDumpWriters.h */,
				C8C8449416A4A92900BCFACA /* XnEnumerationErrors.h */,
				C8C8449516A4A92900BCFACA /* XnEvent.h */,
				C8C8449616A4A92900BCFACA /* XnFPSCalculator.h */,
				C8C8449716A4A92900BCFACA /* XnGeneralBuffer.h */,
				C8C8449816A4A92900BCFACA /* XnHash.h */,
				C8C8449916A4A92900BCFACA /* XnInternalDefs.h */,
				C8C8449A16A4A92900BCFACA /* XnLicensing.h */,
				C8C8449B16A4A92900BCFACA /* XnList.h */,
				C8C8449C16A4A92900BCFACA /* XnLog.h */,
				C8C8449D16A4A92900BCFACA /* XnLogTypes.h */,
				C8C8449E16A4A92900BCFACA /* XnLogWriterBase.h */,
				C8C8449F16A4A92900BCFACA /* XnMacros.h */,
				C8C844A016A4A92900BCFACA /* XnModuleCFunctions.h */,
				C8C844A116A4A92900BCFACA /* XnModuleCppInterface.h */,
				C8C844A216A4A92900BCFACA /* XnModuleCppRegistratration.h */,
				C8C844A316A4A92900BCFACA /* XnModuleInterface.h */,
				C8C844A416A4A92900BCFACA /* XnNode.h */,
				C8C844A516A4A92900BCFACA /* XnNodeAllocator.h */,
				C8C844A616A4A92900BCFACA /* XnOpenNI.h */,
				C8C844A716A4A92900BCFACA /* XnOS.h */,
				C8C844A816A4A92900BCFACA /* XnOSCpp.h */,
				C8C844A916A4A92900BCFACA /* XnOSMemory.h */,
				C8C844AA16A4A92900BCFACA /* XnOSStrings.h */,
				C8C844AB16A4A92900BCFACA /* XnPlatform.h */,
				C8C844AC16A4A92900BCFACA /* XnPrdNode.h */,
				C8C844AD16A4A92900BCFACA /* XnPrdNodeInfo.h */,
				C8C844AE16A4A92900BCFACA /* XnPrdNodeInfoList.h */,
				C8C844AF16A4A92900BCFACA /* XnProfiling.h */,
				C8C844B016A4A92900BCFACA /* XnPropNames.h */,
				C8C844B116A4A92900BCFACA /* XnQueries.h */,
				C8C844B216A4A92900BCFACA /* XnQueue.h */,
				C8C844B316A4A92900BCFACA /* XnScheduler.h */,
				C8C844B416A4A92900BCFACA /* XnStack.h */,
				C8C844B516A4A92900BCFACA /* XnStatus.h */,
				C8C844B616A4A92900BCFACA /* XnStatusCodes.h */,
				C8C844B716A4A92900BCFACA /* XnStatusRegister.h */,
				C8C844B816A4A92900BCFACA /* XnStringsHash.h */,
				C8C844B916A4A92900BCFACA /* XnThreadSafeQueue.h */,
				C8C844BA16A4A92900BCFACA /* XnTypes.h */,
				C8C844BB16A4A92900BCFACA /* XnUSB.h */,
				C8C844BC16A4A92900BCFACA /* XnUSBDevice.h */,
				C8C844BD16A4A92900BCFACA /* XnUtils.h */,
				C8C844BE16A4A92900BCFACA /* XnVersion.h */,
			);
			path = openni;
			sourceTree = "<group>";
		};
		C8C8447716A4A92900BCFACA /* Android-Arm */ = {
			isa = PBXGroup;
			children = (
				C8C8447816A4A92900BCFACA /* XnPlatformAndroid-Arm.h */,
			);
			path = "Android-Arm";
			sourceTree = "<group>";
		};
		C8C8447916A4A92900BCFACA /* ARC */ = {
			isa = PBXGroup;
			children = (
				C8C8447A16A4A92900BCFACA /* XnOSARC.h */,
				C8C8447B16A4A92900BCFACA /* XnPlatformARC.h */,
			);
			path = ARC;
			sourceTree = "<group>";
		};
		C8C8447D16A4A92900BCFACA /* Linux-Arm */ = {
			isa = PBXGroup;
			children = (
				C8C8447E16A4A92900BCFACA /* XnPlatformLinux-Arm.h */,
			);
			path = "Linux-Arm";
			sourceTree = "<group>";
		};
		C8C8447F16A4A92900BCFACA /* Linux-x86 */ = {
			isa = PBXGroup;
			children = (
				C8C8448016A4A92900BCFACA /* XnOSLinux-x86.h */,
				C8C8448116A4A92900BCFACA /* XnPlatformLinux-x86.h */,
			);
			path = "Linux-x86";
			sourceTree = "<group>";
		};
		C8C8448216A4A92900BCFACA /* MacOSX */ = {
			isa = PBXGroup;
			children = (
				C8C8448316A4A92900BCFACA /* XnPlatformMacOSX.h */,
			);
			path = MacOSX;
			sourceTree = "<group>";
		};
		C8C8448416A4A92900BCFACA /* Win32 */ = {
			isa = PBXGroup;
			children = (
				C8C8448516A4A92900BCFACA /* usb100.h */,
				C8C8448616A4A92900BCFACA /* XnOSWin32.h */,
				C8C8448716A4A92900BCFACA /* XnPlatformWin32.h */,
			);
			path = Win32;
			sourceTree = "<group>";
		};
		C8C844D416A4A92900BCFACA /* src */ = {
			isa = PBXGroup;
			children = (
				C8C844D616A4A92900BCFACA /* ofxHardwareDriver.h */,
				C8C844D516A4A92900BCFACA /* ofxHardwareDriver.cpp */,
				C8C844D716A4A92900BCFACA /* ofxOpenNI.cpp */,
				C8C844D816A4A92900BCFACA /* ofxOpenNI.h */,
				C8C844D916A4A92900BCFACA /* ofxOpenNITypes.cpp */,
				C8C844DA16A4A92900BCFACA /* ofxOpenNITypes.h */,
				C8C844DB16A4A92900BCFACA /* ofxOpenNIUtils.h */,
			);
			path = src;
			sourceTree = "<group>";
		};
		C8C8452716A4AA0400BCFACA /* lib */ = {
			isa = PBXGroup;
			children = (
				C8C8452816A4AA0400BCFACA /* change_exec_paths.sh */,
				C8C8452916A4AA0400BCFACA /* libnimCodecs.dylib */,
				C8C8452A16A4AA0400BCFACA /* libnimMockNodes.dylib */,
				C8C8452B16A4AA0400BCFACA /* libnimRecorder.dylib */,
				C8C8452C16A4AA0400BCFACA /* libOpenNI.dylib */,
				C8C8452D16A4AA0400BCFACA /* libusb-1.0.0.dylib */,
				C8C8452E16A4AA0400BCFACA /* libXnCore.dylib */,
				C8C8452F16A4AA0400BCFACA /* libXnDDK.dylib */,
				C8C8453016A4AA0400BCFACA /* libXnDeviceFile.dylib */,
				C8C8453116A4AA0400BCFACA /* libXnDeviceSensorV2KM.dylib */,
				C8C8453216A4AA0400BCFACA /* libXnFormats.dylib */,
				C8C8453316A4AA0400BCFACA /* libXnVCNITE_1_5_2.dylib */,
				C8C8453416A4AA0400BCFACA /* libXnVFeatures_1_5_2.dylib */,
				C8C8453516A4AA0400BCFACA /* libXnVHandGenerator_1_5_2.dylib */,
				C8C8453616A4AA0400BCFACA /* libXnVNite_1_5_2.dylib */,
			);
			name = lib;
			path = bin/data/openni/lib;
			sourceTree = SOURCE_ROOT;
		};
		C8C8454516A4B21D00BCFACA /* HandTracking */ = {
			isa = PBXGroup;
			children = (
				C8C8454716A4B22900BCFACA /* HandManager.h */,
				C8C8454616A4B22900BCFACA /* HandManager.cpp */,
			);
			name = HandTracking;
			sourceTree = "<group>";
		};
		E45BE5980E8CC70C009D7055 /* frameworks */ = {
			isa = PBXGroup;
			children = (
				011CBEDA16065AED00AB7A1A /* OpenGL.framework */,
				011CBED816065AE800AB7A1A /* QuartzCore.framework */,
				BBAB23CA13894EDB00AA2426 /* 3rd party frameworks */,
				BBAB23C913894ECA00AA2426 /* system frameworks */,
			);
			name = frameworks;
			sourceTree = "<group>";
		};
		E4B69B4A0A3A1720003C02F2 = {
			isa = PBXGroup;
			children = (
				E4B6FCAD0C3E899E008CF71C /* app-info.plist */,
				E4EB6923138AFD0F00A09F29 /* Project.xcconfig */,
				E4B69E1C0A3A1BDC003C02F2 /* src */,
				011CBEDC16065B7E00AB7A1A /* OtherSources */,
				018D6F5916065FEE0096A8D1 /* openFrameworks */,
				BB4B014C10F69532006C3DED /* addons */,
				E45BE5980E8CC70C009D7055 /* frameworks */,
				E4B69B5B0A3A1756003C02F2 /* raizWallDebug.app */,
			);
			sourceTree = "<group>";
		};
		E4B69E1C0A3A1BDC003C02F2 /* src */ = {
			isa = PBXGroup;
			children = (
				C8C8454516A4B21D00BCFACA /* HandTracking */,
				011CBEE416065BE200AB7A1A /* testApp.h */,
				011CBEE316065BE200AB7A1A /* testApp.cpp */,
				9A0F69ED16ADE45B00DEC48B /* ofxFadingFbo.h */,
				9A0F69EC16ADE45B00DEC48B /* ofxFadingFbo.cpp */,
				9A0F69F516ADE84500DEC48B /* ofxNDUtils.h */,
				9A0F69F416ADE84500DEC48B /* ofxNDUtils.cpp */,
				019B54EA1555934A00319062 /* Application */,
				9A642CB216A082CC00A7F137 /* Physics */,
			);
			path = src;
			sourceTree = SOURCE_ROOT;
		};
/* End PBXGroup section */

/* Begin PBXNativeTarget section */
		E4B69B5A0A3A1756003C02F2 /* raizWall */ = {
			isa = PBXNativeTarget;
			buildConfigurationList = E4B69B5F0A3A1757003C02F2 /* Build configuration list for PBXNativeTarget "raizWall" */;
			buildPhases = (
				E4B69B580A3A1756003C02F2 /* Sources */,
				E4B69B590A3A1756003C02F2 /* Frameworks */,
				E4B6FFFD0C3F9AB9008CF71C /* ShellScript */,
				E4C2427710CC5ABF004149E2 /* CopyFiles */,
			);
			buildRules = (
			);
			dependencies = (
				019918E91606656000F54372 /* PBXTargetDependency */,
			);
			name = raizWall;
			productName = myOFApp;
			productReference = E4B69B5B0A3A1756003C02F2 /* raizWallDebug.app */;
			productType = "com.apple.product-type.application";
		};
/* End PBXNativeTarget section */

/* Begin PBXProject section */
		E4B69B4C0A3A1720003C02F2 /* Project object */ = {
			isa = PBXProject;
			attributes = {
				LastUpgradeCheck = 0420;
			};
			buildConfigurationList = E4B69B4D0A3A1720003C02F2 /* Build configuration list for PBXProject "raizWall" */;
			compatibilityVersion = "Xcode 3.2";
			developmentRegion = English;
			hasScannedForEncodings = 0;
			knownRegions = (
				English,
				Japanese,
				French,
				German,
			);
			mainGroup = E4B69B4A0A3A1720003C02F2;
			productRefGroup = E4B69B4A0A3A1720003C02F2;
			projectDirPath = "";
			projectReferences = (
				{
					ProductGroup = 018D6F691606641C0096A8D1 /* Products */;
					ProjectRef = 018D6F681606641C0096A8D1 /* openFrameworksLib.xcodeproj */;
				},
			);
			projectRoot = "";
			targets = (
				E4B69B5A0A3A1756003C02F2 /* raizWall */,
			);
		};
/* End PBXProject section */

/* Begin PBXReferenceProxy section */
		018D6F701606641C0096A8D1 /* openFrameworksDebug.a */ = {
			isa = PBXReferenceProxy;
			fileType = archive.ar;
			path = openFrameworksDebug.a;
			remoteRef = 018D6F6F1606641C0096A8D1 /* PBXContainerItemProxy */;
			sourceTree = BUILT_PRODUCTS_DIR;
		};
/* End PBXReferenceProxy section */

/* Begin PBXShellScriptBuildPhase section */
		E4B6FFFD0C3F9AB9008CF71C /* ShellScript */ = {
			isa = PBXShellScriptBuildPhase;
			buildActionMask = 2147483647;
			files = (
			);
			inputPaths = (
			);
			outputPaths = (
			);
			runOnlyForDeploymentPostprocessing = 0;
			shellPath = /bin/sh;
			shellScript = "cp -f ../../../libs/fmodex/lib/osx/libfmodex.dylib \"$TARGET_BUILD_DIR/$PRODUCT_NAME.app/Contents/MacOS/libfmodex.dylib\"; install_name_tool -change ./libfmodex.dylib @executable_path/libfmodex.dylib \"$TARGET_BUILD_DIR/$PRODUCT_NAME.app/Contents/MacOS/$PRODUCT_NAME\";";
		};
/* End PBXShellScriptBuildPhase section */

/* Begin PBXSourcesBuildPhase section */
		E4B69B580A3A1756003C02F2 /* Sources */ = {
			isa = PBXSourcesBuildPhase;
			buildActionMask = 2147483647;
			files = (
				010C155D1555D5F700D8B84D /* GLView.mm in Sources */,
				010C155E1555D5F700D8B84D /* ofxCocoaDelegate.mm in Sources */,
				010C155F1555D5F700D8B84D /* ofxCocoaWindow.mm in Sources */,
				019B552515559E1C00319062 /* ofxWindowApp.xib in Sources */,
				019B552615559ECD00319062 /* ofxWindowAppDelegate.mm in Sources */,
				014ADDE71555AA8D008FE64B /* SetupWindow.xib in Sources */,
				019B55291555A0CB00319062 /* SetupWindowController.mm in Sources */,
				011CBEE116065B9800AB7A1A /* glLaunch.mm in Sources */,
				011CBEE216065B9800AB7A1A /* main.mm in Sources */,
				011CBEE516065BE200AB7A1A /* testApp.cpp in Sources */,
				9A642CAE16A0810000A7F137 /* PhysicsManager.cpp in Sources */,
				9A642CB116A0811700A7F137 /* PhysicsObject.cpp in Sources */,
				9A642CB816A0B34100A7F137 /* GravitationalPhysicsObject.cpp in Sources */,
				F205992516A32FFF00730218 /* PhysicsUtils.cpp in Sources */,
				9A40878D16A4BAA800D8DAFB /* ImageBlobPhysicsObject.cpp in Sources */,
				C8C8451C16A4A92900BCFACA /* ofxHardwareDriver.cpp in Sources */,
				C8C8451D16A4A92900BCFACA /* ofxOpenNI.cpp in Sources */,
				C8C8451E16A4A92900BCFACA /* ofxOpenNITypes.cpp in Sources */,
				C8C8454816A4B22900BCFACA /* HandManager.cpp in Sources */,
				9A0F69EE16ADE45B00DEC48B /* ofxFadingFbo.cpp in Sources */,
				9A0F69F616ADE84500DEC48B /* ofxNDUtils.cpp in Sources */,
			);
			runOnlyForDeploymentPostprocessing = 0;
		};
/* End PBXSourcesBuildPhase section */

/* Begin PBXTargetDependency section */
		019918E91606656000F54372 /* PBXTargetDependency */ = {
			isa = PBXTargetDependency;
			name = openFrameworks;
			targetProxy = 019918E81606656000F54372 /* PBXContainerItemProxy */;
		};
/* End PBXTargetDependency section */

/* Begin XCBuildConfiguration section */
		E4B69B4E0A3A1720003C02F2 /* Debug */ = {
			isa = XCBuildConfiguration;
			buildSettings = {
				ARCHS = "$(NATIVE_ARCH)";
				CONFIGURATION_BUILD_DIR = "$(SRCROOT)/bin/";
				COPY_PHASE_STRIP = NO;
				DEAD_CODE_STRIPPING = YES;
				GCC_AUTO_VECTORIZATION = YES;
				GCC_ENABLE_SSE3_EXTENSIONS = YES;
				GCC_ENABLE_SUPPLEMENTAL_SSE3_INSTRUCTIONS = YES;
				GCC_INLINES_ARE_PRIVATE_EXTERN = NO;
				GCC_MODEL_TUNING = G5;
				GCC_SYMBOLS_PRIVATE_EXTERN = NO;
				GCC_WARN_ABOUT_DEPRECATED_FUNCTIONS = NO;
				GCC_WARN_ABOUT_INVALID_OFFSETOF_MACRO = NO;
				GCC_WARN_ALLOW_INCOMPLETE_PROTOCOL = NO;
				GCC_WARN_UNINITIALIZED_AUTOS = NO;
				GCC_WARN_UNUSED_VALUE = NO;
				GCC_WARN_UNUSED_VARIABLE = NO;
				MACOSX_DEPLOYMENT_TARGET = 10.6;
				OTHER_CPLUSPLUSFLAGS = (
					"-D__MACOSX_CORE__",
					"-lpthread",
				);
			};
			name = Debug;
		};
		E4B69B4F0A3A1720003C02F2 /* Release */ = {
			isa = XCBuildConfiguration;
			buildSettings = {
				ARCHS = "$(NATIVE_ARCH)";
				CONFIGURATION_BUILD_DIR = "$(SRCROOT)/bin/";
				COPY_PHASE_STRIP = YES;
				DEAD_CODE_STRIPPING = YES;
				GCC_AUTO_VECTORIZATION = YES;
				GCC_ENABLE_SSE3_EXTENSIONS = YES;
				GCC_ENABLE_SUPPLEMENTAL_SSE3_INSTRUCTIONS = YES;
				GCC_INLINES_ARE_PRIVATE_EXTERN = NO;
				GCC_MODEL_TUNING = G5;
				GCC_OPTIMIZATION_LEVEL = 3;
				GCC_SYMBOLS_PRIVATE_EXTERN = NO;
				GCC_UNROLL_LOOPS = YES;
				GCC_WARN_ABOUT_DEPRECATED_FUNCTIONS = NO;
				GCC_WARN_ABOUT_INVALID_OFFSETOF_MACRO = NO;
				GCC_WARN_ALLOW_INCOMPLETE_PROTOCOL = NO;
				GCC_WARN_UNINITIALIZED_AUTOS = NO;
				GCC_WARN_UNUSED_VALUE = NO;
				GCC_WARN_UNUSED_VARIABLE = NO;
				MACOSX_DEPLOYMENT_TARGET = 10.6;
				OTHER_CPLUSPLUSFLAGS = (
					"-D__MACOSX_CORE__",
					"-lpthread",
				);
			};
			name = Release;
		};
		E4B69B600A3A1757003C02F2 /* Debug */ = {
			isa = XCBuildConfiguration;
			baseConfigurationReference = E4EB6923138AFD0F00A09F29 /* Project.xcconfig */;
			buildSettings = {
				ARCHS = "$(NATIVE_ARCH)";
				COPY_PHASE_STRIP = NO;
				FRAMEWORK_SEARCH_PATHS = (
					"$(inherited)",
					"$(FRAMEWORK_SEARCH_PATHS_QUOTED_FOR_TARGET_1)",
				);
				FRAMEWORK_SEARCH_PATHS_QUOTED_FOR_TARGET_1 = "\"$(SRCROOT)/../../../libs/glut/lib/osx\"";
				GCC_C_LANGUAGE_STANDARD = "compiler-default";
				GCC_DYNAMIC_NO_PIC = NO;
				GCC_GENERATE_DEBUGGING_SYMBOLS = YES;
				GCC_MODEL_TUNING = G4;
				GCC_OPTIMIZATION_LEVEL = 0;
				GCC_PRECOMPILE_PREFIX_HEADER = YES;
				GCC_PREFIX_HEADER = src/OtherSources/ofxWindowAppPrefix.pch;
				GCC_WARN_ALLOW_INCOMPLETE_PROTOCOL = YES;
				HEADER_SEARCH_PATHS = (
					"$(OF_CORE_HEADERS)",
					"./**",
				);
				INFOPLIST_FILE = "app-info.plist";
				INSTALL_PATH = "$(HOME)/Applications";
				LIBRARY_SEARCH_PATHS = (
					"$(inherited)",
					"$(LIBRARY_SEARCH_PATHS_QUOTED_FOR_TARGET_1)",
					"$(LIBRARY_SEARCH_PATHS_QUOTED_FOR_TARGET_2)",
					"$(LIBRARY_SEARCH_PATHS_QUOTED_FOR_TARGET_3)",
					"$(LIBRARY_SEARCH_PATHS_QUOTED_FOR_TARGET_4)",
					"$(LIBRARY_SEARCH_PATHS_QUOTED_FOR_TARGET_5)",
					"$(LIBRARY_SEARCH_PATHS_QUOTED_FOR_TARGET_6)",
					"$(LIBRARY_SEARCH_PATHS_QUOTED_FOR_TARGET_7)",
					"$(LIBRARY_SEARCH_PATHS_QUOTED_FOR_TARGET_8)",
					"$(LIBRARY_SEARCH_PATHS_QUOTED_FOR_TARGET_9)",
					"$(LIBRARY_SEARCH_PATHS_QUOTED_FOR_TARGET_10)",
					"$(LIBRARY_SEARCH_PATHS_QUOTED_FOR_TARGET_11)",
					"$(LIBRARY_SEARCH_PATHS_QUOTED_FOR_TARGET_12)",
					"$(LIBRARY_SEARCH_PATHS_QUOTED_FOR_TARGET_13)",
					"$(LIBRARY_SEARCH_PATHS_QUOTED_FOR_TARGET_14)",
					"$(LIBRARY_SEARCH_PATHS_QUOTED_FOR_TARGET_15)",
					"$(LIBRARY_SEARCH_PATHS_QUOTED_FOR_TARGET_2)",
					"$(LIBRARY_SEARCH_PATHS_QUOTED_FOR_TARGET_3)",
					"$(LIBRARY_SEARCH_PATHS_QUOTED_FOR_TARGET_7)",
					"$(LIBRARY_SEARCH_PATHS_QUOTED_FOR_TARGET_8)",
					"$(LIBRARY_SEARCH_PATHS_QUOTED_FOR_TARGET_9)",
					"$(LIBRARY_SEARCH_PATHS_QUOTED_FOR_TARGET_10)",
					"$(LIBRARY_SEARCH_PATHS_QUOTED_FOR_TARGET_11)",
					"$(LIBRARY_SEARCH_PATHS_QUOTED_FOR_TARGET_12)",
					"$(LIBRARY_SEARCH_PATHS_QUOTED_FOR_TARGET_13)",
					"$(LIBRARY_SEARCH_PATHS_QUOTED_FOR_TARGET_16)",
					"$(LIBRARY_SEARCH_PATHS_QUOTED_FOR_TARGET_17)",
					"$(LIBRARY_SEARCH_PATHS_QUOTED_FOR_TARGET_18)",
					"$(LIBRARY_SEARCH_PATHS_QUOTED_FOR_TARGET_19)",
					"$(LIBRARY_SEARCH_PATHS_QUOTED_FOR_TARGET_20)",
					"$(LIBRARY_SEARCH_PATHS_QUOTED_FOR_TARGET_21)",
					"$(LIBRARY_SEARCH_PATHS_QUOTED_FOR_TARGET_22)",
					"$(LIBRARY_SEARCH_PATHS_QUOTED_FOR_TARGET_23)",
					"$(LIBRARY_SEARCH_PATHS_QUOTED_FOR_TARGET_24)",
					"$(LIBRARY_SEARCH_PATHS_QUOTED_FOR_TARGET_25)",
					"$(LIBRARY_SEARCH_PATHS_QUOTED_FOR_TARGET_26)",
					"$(LIBRARY_SEARCH_PATHS_QUOTED_FOR_TARGET_27)",
					"$(LIBRARY_SEARCH_PATHS_QUOTED_FOR_TARGET_28)",
					"$(LIBRARY_SEARCH_PATHS_QUOTED_FOR_TARGET_29)",
					"$(LIBRARY_SEARCH_PATHS_QUOTED_FOR_TARGET_30)",
					"$(LIBRARY_SEARCH_PATHS_QUOTED_FOR_TARGET_31)",
					"$(LIBRARY_SEARCH_PATHS_QUOTED_FOR_TARGET_32)",
					"$(LIBRARY_SEARCH_PATHS_QUOTED_FOR_TARGET_33)",
					"$(LIBRARY_SEARCH_PATHS_QUOTED_FOR_TARGET_34)",
					"$(LIBRARY_SEARCH_PATHS_QUOTED_FOR_TARGET_35)",
					"$(LIBRARY_SEARCH_PATHS_QUOTED_FOR_TARGET_36)",
					"$(LIBRARY_SEARCH_PATHS_QUOTED_FOR_TARGET_37)",
					"$(LIBRARY_SEARCH_PATHS_QUOTED_FOR_TARGET_38)",
					"$(LIBRARY_SEARCH_PATHS_QUOTED_FOR_TARGET_39)",
					"$(LIBRARY_SEARCH_PATHS_QUOTED_FOR_TARGET_40)",
					"$(LIBRARY_SEARCH_PATHS_QUOTED_FOR_TARGET_41)",
					"$(LIBRARY_SEARCH_PATHS_QUOTED_FOR_TARGET_42)",
					"$(LIBRARY_SEARCH_PATHS_QUOTED_FOR_TARGET_43)",
					"$(LIBRARY_SEARCH_PATHS_QUOTED_FOR_TARGET_44)",
					"$(LIBRARY_SEARCH_PATHS_QUOTED_FOR_TARGET_45)",
					"$(LIBRARY_SEARCH_PATHS_QUOTED_FOR_TARGET_46)",
					"$(LIBRARY_SEARCH_PATHS_QUOTED_FOR_TARGET_47)",
					"$(LIBRARY_SEARCH_PATHS_QUOTED_FOR_TARGET_48)",
					"$(LIBRARY_SEARCH_PATHS_QUOTED_FOR_TARGET_49)",
					"$(LIBRARY_SEARCH_PATHS_QUOTED_FOR_TARGET_50)",
					"$(LIBRARY_SEARCH_PATHS_QUOTED_FOR_TARGET_51)",
					"$(LIBRARY_SEARCH_PATHS_QUOTED_FOR_TARGET_52)",
					"\"$(SRCROOT)/lib\"",
					"\"$(SRCROOT)/../../../addons/ofxOpenNI/examples/opeNI-SimpleExamples/bin/data/openni/lib\"",
					"\"$(SRCROOT)/../../../addons/ofxOpenNI/mac/copy_to_data_openni_path/lib\"",
					"\"$(SRCROOT)/../../../addons/ofxOpenNI/win/copy_to_data_openni_path/lib\"",
					"\"$(SRCROOT)/bin/data/openni/lib\"",
				);
				MACOSX_DEPLOYMENT_TARGET = 10.6;
				PRODUCT_NAME = "$(TARGET_NAME)Debug";
				SDKROOT = macosx;
				WRAPPER_EXTENSION = app;
			};
			name = Debug;
		};
		E4B69B610A3A1757003C02F2 /* Release */ = {
			isa = XCBuildConfiguration;
			baseConfigurationReference = E4EB6923138AFD0F00A09F29 /* Project.xcconfig */;
			buildSettings = {
				ARCHS = "$(NATIVE_ARCH)";
				COPY_PHASE_STRIP = YES;
				FRAMEWORK_SEARCH_PATHS = (
					"$(inherited)",
					"$(FRAMEWORK_SEARCH_PATHS_QUOTED_FOR_TARGET_1)",
				);
				FRAMEWORK_SEARCH_PATHS_QUOTED_FOR_TARGET_1 = "\"$(SRCROOT)/../../../libs/glut/lib/osx\"";
				GCC_C_LANGUAGE_STANDARD = "compiler-default";
				GCC_GENERATE_DEBUGGING_SYMBOLS = NO;
				GCC_MODEL_TUNING = G4;
				GCC_OPTIMIZATION_LEVEL = s;
				GCC_PRECOMPILE_PREFIX_HEADER = YES;
				GCC_PREFIX_HEADER = src/OtherSources/ofxWindowAppPrefix.pch;
				GCC_WARN_ALLOW_INCOMPLETE_PROTOCOL = YES;
				HEADER_SEARCH_PATHS = (
					"$(OF_CORE_HEADERS)",
					"./**",
				);
				INFOPLIST_FILE = "app-info.plist";
				INSTALL_PATH = "$(HOME)/Applications";
				LIBRARY_SEARCH_PATHS = (
					"$(inherited)",
					"$(LIBRARY_SEARCH_PATHS_QUOTED_FOR_TARGET_1)",
					"$(LIBRARY_SEARCH_PATHS_QUOTED_FOR_TARGET_2)",
					"$(LIBRARY_SEARCH_PATHS_QUOTED_FOR_TARGET_3)",
					"$(LIBRARY_SEARCH_PATHS_QUOTED_FOR_TARGET_4)",
					"$(LIBRARY_SEARCH_PATHS_QUOTED_FOR_TARGET_5)",
					"$(LIBRARY_SEARCH_PATHS_QUOTED_FOR_TARGET_6)",
					"$(LIBRARY_SEARCH_PATHS_QUOTED_FOR_TARGET_7)",
					"$(LIBRARY_SEARCH_PATHS_QUOTED_FOR_TARGET_8)",
					"$(LIBRARY_SEARCH_PATHS_QUOTED_FOR_TARGET_9)",
					"$(LIBRARY_SEARCH_PATHS_QUOTED_FOR_TARGET_10)",
					"$(LIBRARY_SEARCH_PATHS_QUOTED_FOR_TARGET_11)",
					"$(LIBRARY_SEARCH_PATHS_QUOTED_FOR_TARGET_12)",
					"$(LIBRARY_SEARCH_PATHS_QUOTED_FOR_TARGET_13)",
					"$(LIBRARY_SEARCH_PATHS_QUOTED_FOR_TARGET_14)",
					"$(LIBRARY_SEARCH_PATHS_QUOTED_FOR_TARGET_15)",
					"$(LIBRARY_SEARCH_PATHS_QUOTED_FOR_TARGET_2)",
					"$(LIBRARY_SEARCH_PATHS_QUOTED_1)",
					"$(LIBRARY_SEARCH_PATHS_QUOTED_FOR_TARGET_3)",
					"$(LIBRARY_SEARCH_PATHS_QUOTED_FOR_TARGET_7)",
					"$(LIBRARY_SEARCH_PATHS_QUOTED_FOR_TARGET_8)",
					"$(LIBRARY_SEARCH_PATHS_QUOTED_FOR_TARGET_9)",
					"$(LIBRARY_SEARCH_PATHS_QUOTED_FOR_TARGET_10)",
					"$(LIBRARY_SEARCH_PATHS_QUOTED_FOR_TARGET_11)",
					"$(LIBRARY_SEARCH_PATHS_QUOTED_FOR_TARGET_12)",
					"$(LIBRARY_SEARCH_PATHS_QUOTED_FOR_TARGET_13)",
					"$(LIBRARY_SEARCH_PATHS_QUOTED_FOR_TARGET_16)",
					"$(LIBRARY_SEARCH_PATHS_QUOTED_FOR_TARGET_17)",
					"$(LIBRARY_SEARCH_PATHS_QUOTED_FOR_TARGET_18)",
					"$(LIBRARY_SEARCH_PATHS_QUOTED_FOR_TARGET_19)",
					"$(LIBRARY_SEARCH_PATHS_QUOTED_FOR_TARGET_20)",
					"$(LIBRARY_SEARCH_PATHS_QUOTED_FOR_TARGET_21)",
					"$(LIBRARY_SEARCH_PATHS_QUOTED_FOR_TARGET_22)",
					"$(LIBRARY_SEARCH_PATHS_QUOTED_FOR_TARGET_23)",
					"$(LIBRARY_SEARCH_PATHS_QUOTED_FOR_TARGET_24)",
					"$(LIBRARY_SEARCH_PATHS_QUOTED_FOR_TARGET_25)",
					"$(LIBRARY_SEARCH_PATHS_QUOTED_FOR_TARGET_26)",
					"$(LIBRARY_SEARCH_PATHS_QUOTED_FOR_TARGET_27)",
					"$(LIBRARY_SEARCH_PATHS_QUOTED_FOR_TARGET_28)",
					"$(LIBRARY_SEARCH_PATHS_QUOTED_FOR_TARGET_29)",
					"$(LIBRARY_SEARCH_PATHS_QUOTED_FOR_TARGET_30)",
					"$(LIBRARY_SEARCH_PATHS_QUOTED_FOR_TARGET_31)",
					"$(LIBRARY_SEARCH_PATHS_QUOTED_FOR_TARGET_32)",
					"$(LIBRARY_SEARCH_PATHS_QUOTED_FOR_TARGET_33)",
					"$(LIBRARY_SEARCH_PATHS_QUOTED_FOR_TARGET_34)",
					"$(LIBRARY_SEARCH_PATHS_QUOTED_FOR_TARGET_35)",
					"$(LIBRARY_SEARCH_PATHS_QUOTED_FOR_TARGET_36)",
					"$(LIBRARY_SEARCH_PATHS_QUOTED_FOR_TARGET_37)",
					"$(LIBRARY_SEARCH_PATHS_QUOTED_FOR_TARGET_38)",
					"$(LIBRARY_SEARCH_PATHS_QUOTED_FOR_TARGET_39)",
					"$(LIBRARY_SEARCH_PATHS_QUOTED_FOR_TARGET_40)",
					"$(LIBRARY_SEARCH_PATHS_QUOTED_FOR_TARGET_41)",
					"$(LIBRARY_SEARCH_PATHS_QUOTED_FOR_TARGET_42)",
					"$(LIBRARY_SEARCH_PATHS_QUOTED_FOR_TARGET_43)",
					"$(LIBRARY_SEARCH_PATHS_QUOTED_FOR_TARGET_44)",
					"$(LIBRARY_SEARCH_PATHS_QUOTED_FOR_TARGET_45)",
					"$(LIBRARY_SEARCH_PATHS_QUOTED_FOR_TARGET_46)",
					"$(LIBRARY_SEARCH_PATHS_QUOTED_FOR_TARGET_47)",
					"$(LIBRARY_SEARCH_PATHS_QUOTED_FOR_TARGET_48)",
					"$(LIBRARY_SEARCH_PATHS_QUOTED_FOR_TARGET_49)",
					"$(LIBRARY_SEARCH_PATHS_QUOTED_FOR_TARGET_50)",
					"$(LIBRARY_SEARCH_PATHS_QUOTED_FOR_TARGET_51)",
					"\"$(SRCROOT)/lib\"",
					"\"$(SRCROOT)/../../../addons/ofxOpenNI/examples/opeNI-SimpleExamples/bin/data/openni/lib\"",
					"\"$(SRCROOT)/../../../addons/ofxOpenNI/mac/copy_to_data_openni_path/lib\"",
					"\"$(SRCROOT)/../../../addons/ofxOpenNI/win/copy_to_data_openni_path/lib\"",
					"\"$(SRCROOT)/bin/data/openni/lib\"",
				);
				MACOSX_DEPLOYMENT_TARGET = 10.6;
				PRODUCT_NAME = "$(TARGET_NAME)";
				SDKROOT = macosx;
				WRAPPER_EXTENSION = app;
			};
			name = Release;
		};
/* End XCBuildConfiguration section */

/* Begin XCConfigurationList section */
		E4B69B4D0A3A1720003C02F2 /* Build configuration list for PBXProject "raizWall" */ = {
			isa = XCConfigurationList;
			buildConfigurations = (
				E4B69B4E0A3A1720003C02F2 /* Debug */,
				E4B69B4F0A3A1720003C02F2 /* Release */,
			);
			defaultConfigurationIsVisible = 0;
			defaultConfigurationName = Release;
		};
		E4B69B5F0A3A1757003C02F2 /* Build configuration list for PBXNativeTarget "raizWall" */ = {
			isa = XCConfigurationList;
			buildConfigurations = (
				E4B69B600A3A1757003C02F2 /* Debug */,
				E4B69B610A3A1757003C02F2 /* Release */,
			);
			defaultConfigurationIsVisible = 0;
			defaultConfigurationName = Release;
		};
/* End XCConfigurationList section */
	};
	rootObject = E4B69B4C0A3A1720003C02F2 /* Project object */;
}
